// !$*UTF8*$!
{
	archiveVersion = 1;
	classes = {
	};
	objectVersion = 63;
	objects = {

/* Begin PBXBuildFile section */
		01C6ED151CF7640D56A7A23E /* RecentBooksSection.swift in Sources */ = {isa = PBXBuildFile; fileRef = 236464A735EC6D337366F237 /* RecentBooksSection.swift */; };
		0236AE4467803836C7714FD5 /* AIProviderConfig.swift in Sources */ = {isa = PBXBuildFile; fileRef = AEE229A21055FED4F533B217 /* AIProviderConfig.swift */; };
		023C0BE9F17259F30C2FE963 /* LibraryModels.swift in Sources */ = {isa = PBXBuildFile; fileRef = 06B5874641A74F28DC5C45D6 /* LibraryModels.swift */; };
		03282B22FF6B26D5AD9ABDD4 /* LocalProviderURL.swift in Sources */ = {isa = PBXBuildFile; fileRef = E410B5FDE1B1FCE653C85A32 /* LocalProviderURL.swift */; };
		03B784F7B14A9554D86DB06D /* Chapter.swift in Sources */ = {isa = PBXBuildFile; fileRef = 933DCD1102EBB7AC50725553 /* Chapter.swift */; };
		044C75B9E1B1EA421EB87A47 /* NotesViewModel.swift in Sources */ = {isa = PBXBuildFile; fileRef = 035CE3072AFA2A50B8006AC2 /* NotesViewModel.swift */; };
		0569CE5E09C27E30061C3243 /* TagManagementService.swift in Sources */ = {isa = PBXBuildFile; fileRef = C1C750D091AF47F3D2878CBB /* TagManagementService.swift */; };
		06FF05F16694C77A3DD7C94B /* highlighter.js in Resources */ = {isa = PBXBuildFile; fileRef = 800084B3BC72CADC105E91E1 /* highlighter.js */; };
		0AE3860DF07B29FF5AC4B797 /* BookDetailView.swift in Sources */ = {isa = PBXBuildFile; fileRef = 7B159AB2A604DB5982E27C54 /* BookDetailView.swift */; };
		0BB7DF434AC7DEB13A4B6E3D /* HTMLTextExtractor.swift in Sources */ = {isa = PBXBuildFile; fileRef = 94449D4E96B65E770ED430EB /* HTMLTextExtractor.swift */; };
		0CD9F9395BF2E370545FB973 /* ClaudeProvider.swift in Sources */ = {isa = PBXBuildFile; fileRef = 18A43C1F798AF1216AC76C9D /* ClaudeProvider.swift */; };
		0D431D0C5E3B4DA8A4867983 /* AnnotationExportService.swift in Sources */ = {isa = PBXBuildFile; fileRef = E9C3A77377276416CFDF0D81 /* AnnotationExportService.swift */; };
		0DF0694B5036655A430C5E00 /* BookStorageErrorTests.swift in Sources */ = {isa = PBXBuildFile; fileRef = 1941335D656BD45F1E2BE8BF /* BookStorageErrorTests.swift */; };
		0E08C3347669FF878039DF90 /* ReadingSessionManager.swift in Sources */ = {isa = PBXBuildFile; fileRef = F54B5CC3D632FB5456D1652A /* ReadingSessionManager.swift */; };
		0E8A99B2F63A62CFF792BF92 /* AIPromptSettingsView.swift in Sources */ = {isa = PBXBuildFile; fileRef = BA6E9B96F1D3795618DEF9AE /* AIPromptSettingsView.swift */; };
		112CDE7ED0896B38A914428B /* ReaderPositionUITests.swift in Sources */ = {isa = PBXBuildFile; fileRef = 404D74B8AEA1EF68C8A11FAB /* ReaderPositionUITests.swift */; };
		12C7DC989D730CAF66A46A79 /* ReadingStatistics.swift in Sources */ = {isa = PBXBuildFile; fileRef = 0C7D0A1E5BD2C8CB80366D48 /* ReadingStatistics.swift */; };
		1302913429B7EA54271BD47F /* ReaderResources.swift in Sources */ = {isa = PBXBuildFile; fileRef = 7487693D9263EB2F91DF8322 /* ReaderResources.swift */; };
		13F0B4D33870A0B2C068C57F /* OllamaProvider.swift in Sources */ = {isa = PBXBuildFile; fileRef = 65BBF4A84C04804F9334ABDC /* OllamaProvider.swift */; };
		157A12F040E009301F6E99D4 /* AIProvider.swift in Sources */ = {isa = PBXBuildFile; fileRef = B462C172F0BE3810581EFD57 /* AIProvider.swift */; };
		19AA2D21308A869BF17F2F3C /* search.js in Resources */ = {isa = PBXBuildFile; fileRef = 90845A4F9829453E58A936BD /* search.js */; };
		19D0C8F9FC06695BFE7D90E2 /* ThreadPanel.swift in Sources */ = {isa = PBXBuildFile; fileRef = 501099F465AFF4BA5C12D0DA /* ThreadPanel.swift */; };
		1B86A378AC271B58DB69C57E /* BookSearchIndexTests.swift in Sources */ = {isa = PBXBuildFile; fileRef = BFC7221F52E7BAE796D5EE63 /* BookSearchIndexTests.swift */; };
		1BFA6E8FFA4229BBA7FF33D1 /* AppSettings.swift in Sources */ = {isa = PBXBuildFile; fileRef = DEAF86E18A7AACA14668F8F0 /* AppSettings.swift */; };
		1C05611EDC49F0072E5BCEDF /* TextToSpeechService.swift in Sources */ = {isa = PBXBuildFile; fileRef = 7F7DDA7DD167B5CE8F2E5EEB /* TextToSpeechService.swift */; };
		1C49F83177717C6437F1D53F /* BookDetailView.swift in Sources */ = {isa = PBXBuildFile; fileRef = 7B159AB2A604DB5982E27C54 /* BookDetailView.swift */; };
		1D821BD0307A0C99B4152DE7 /* ReaderView.swift in Sources */ = {isa = PBXBuildFile; fileRef = AE16C85A2DD484EE05DCB645 /* ReaderView.swift */; };
		1FAA0679DD67F91CC0A53E10 /* SearchHistoryView.swift in Sources */ = {isa = PBXBuildFile; fileRef = 868D5F949758DFFEB92D23D9 /* SearchHistoryView.swift */; };
		1FE69DD4CE3E60F8F86CEB78 /* TextToSpeechService.swift in Sources */ = {isa = PBXBuildFile; fileRef = 7F7DDA7DD167B5CE8F2E5EEB /* TextToSpeechService.swift */; };
		203AFF4D821CD93F24109CE5 /* BookSearchIndex.swift in Sources */ = {isa = PBXBuildFile; fileRef = EEAC255D5D7A619273FE4B85 /* BookSearchIndex.swift */; };
		2156C8C72B95E4BD7AB6C7F8 /* cfi.js in Resources */ = {isa = PBXBuildFile; fileRef = 184EDF4AAFCFC40A86567F02 /* cfi.js */; };
		222C3A9AF8A899976F544446 /* StreaksView.swift in Sources */ = {isa = PBXBuildFile; fileRef = FEBFE95DF15234D5646CE240 /* StreaksView.swift */; };
		22690BF4899F2C2A0E5BB579 /* AppSettings.swift in Sources */ = {isa = PBXBuildFile; fileRef = DEAF86E18A7AACA14668F8F0 /* AppSettings.swift */; };
		271A87FFD8F75A525B0EBEF8 /* ReadingSessionManager.swift in Sources */ = {isa = PBXBuildFile; fileRef = F54B5CC3D632FB5456D1652A /* ReadingSessionManager.swift */; };
		27492EF07032399D617BE0C0 /* LibraryView.swift in Sources */ = {isa = PBXBuildFile; fileRef = 19FE50F25D3D54079CFB8E66 /* LibraryView.swift */; };
		280B61DA3D6D1B64E9CC49B2 /* BookSearchIndex.swift in Sources */ = {isa = PBXBuildFile; fileRef = EEAC255D5D7A619273FE4B85 /* BookSearchIndex.swift */; };
		290E30AA53A16BCC600C3D60 /* CollectionsView.swift in Sources */ = {isa = PBXBuildFile; fileRef = 1121B4118AC4BEE96E18F37D /* CollectionsView.swift */; };
		29FC305FD35F90B1E427B85C /* SearchHistory.swift in Sources */ = {isa = PBXBuildFile; fileRef = C55C978784489B8CBDCC7F48 /* SearchHistory.swift */; };
		2E31250F1797705B64B851A0 /* EPUBWebViewRepresentable.swift in Sources */ = {isa = PBXBuildFile; fileRef = ED2CBCC86BCE9C71088F8CC3 /* EPUBWebViewRepresentable.swift */; };
		3142BE0244BD7D4F75C45B40 /* CruxNotesBundle.swift in Sources */ = {isa = PBXBuildFile; fileRef = 86D855B58C44B983615F9AFE /* CruxNotesBundle.swift */; };
		319DD7EAD96ED39F4AD49961 /* ExportService.swift in Sources */ = {isa = PBXBuildFile; fileRef = 18EEB384494065D612B0363F /* ExportService.swift */; };
		33798E28F8CB8DA5423D6E92 /* ReadingGoalsView.swift in Sources */ = {isa = PBXBuildFile; fileRef = 18B8E84A6133828BDAE578C1 /* ReadingGoalsView.swift */; };
		344E83684E320D10B7447E55 /* LMStudioProvider.swift in Sources */ = {isa = PBXBuildFile; fileRef = BC48822BEC36FC933029BE5E /* LMStudioProvider.swift */; };
		3A3D4599557D3FAD1CB322B0 /* ReadingTimeEstimatorTests.swift in Sources */ = {isa = PBXBuildFile; fileRef = D6DE7340ABAF8D666E9764EF /* ReadingTimeEstimatorTests.swift */; };
		3AB5656CEB754C503AA25238 /* HighlightsView.swift in Sources */ = {isa = PBXBuildFile; fileRef = F045E2A9F3307E70E9F8F6BB /* HighlightsView.swift */; };
		3CB4F499FD2A98D797E47604 /* ProgressScrubber.swift in Sources */ = {isa = PBXBuildFile; fileRef = 278935FF740A6CC7D60E59F6 /* ProgressScrubber.swift */; };
		40724463A7898B6FDBE00084 /* AnnotationFilterView.swift in Sources */ = {isa = PBXBuildFile; fileRef = F388EE1AEA8C957EC8585CC9 /* AnnotationFilterView.swift */; };
		40951F804B1D1DA900DDEAFE /* ProgressScrubber.swift in Sources */ = {isa = PBXBuildFile; fileRef = 278935FF740A6CC7D60E59F6 /* ProgressScrubber.swift */; };
		40DB594FCD2AE0CBB0F212AD /* InlineSearchBar.swift in Sources */ = {isa = PBXBuildFile; fileRef = CE2367A38B8BBA156AB7BE64 /* InlineSearchBar.swift */; };
		42713315076CC7469E7BA5D4 /* SpotlightIndexer.swift in Sources */ = {isa = PBXBuildFile; fileRef = D37894433A42D11840B50F12 /* SpotlightIndexer.swift */; };
		429627A3486B5067F22F2AAB /* StreaksView.swift in Sources */ = {isa = PBXBuildFile; fileRef = FEBFE95DF15234D5646CE240 /* StreaksView.swift */; };
		4311963A2E8BE51B05432553 /* Annotations.swift in Sources */ = {isa = PBXBuildFile; fileRef = 7E489CD45CEF897A465CC0A5 /* Annotations.swift */; };
		43921B217BEB95CD5455418D /* BookListRow.swift in Sources */ = {isa = PBXBuildFile; fileRef = DD5A11A4A84A4DCB37550C10 /* BookListRow.swift */; };
		43D47DC140E617072211D4AB /* SearchState.swift in Sources */ = {isa = PBXBuildFile; fileRef = 468A81A3E599A1B8D192F53A /* SearchState.swift */; };
		44BA6489C18F4CDA7C6CFAFD /* StatisticsView.swift in Sources */ = {isa = PBXBuildFile; fileRef = 101F3204094F1CA0254A5412 /* StatisticsView.swift */; };
		468FB88A9ACEACFEC2A836B7 /* DictionaryLookup.swift in Sources */ = {isa = PBXBuildFile; fileRef = 8A61EF625C978AE35546C88D /* DictionaryLookup.swift */; };
		46A4453D31FE3D11710D2134 /* HighlightWithBookInfo.swift in Sources */ = {isa = PBXBuildFile; fileRef = 0FAC6B964FA45FDE5C21E31F /* HighlightWithBookInfo.swift */; };
		474C23FBB62F384AD1D83418 /* AnnotationExportView.swift in Sources */ = {isa = PBXBuildFile; fileRef = 2494A33F8572173344C3AB93 /* AnnotationExportView.swift */; };
		49F4BF4930B8379877C576A0 /* ViewportTrackingTests.swift in Sources */ = {isa = PBXBuildFile; fileRef = 80EA424767159B08E19A17E4 /* ViewportTrackingTests.swift */; };
		4AD2027D9447C08EF9AE34F6 /* BatchImportProgressView.swift in Sources */ = {isa = PBXBuildFile; fileRef = 1AE37EA7BFCFEA97DEA8E7C5 /* BatchImportProgressView.swift */; };
		4B152F22A009B6824C6353FC /* ClaudeProvider.swift in Sources */ = {isa = PBXBuildFile; fileRef = 18A43C1F798AF1216AC76C9D /* ClaudeProvider.swift */; };
		4C33BB93483748ECB48ACE07 /* BookmarksView.swift in Sources */ = {isa = PBXBuildFile; fileRef = 388CDD22DC75A3DCC5DFA0C7 /* BookmarksView.swift */; };
		4CF19FBF5BFBBE5776705DE0 /* viewport-tracker.js in Resources */ = {isa = PBXBuildFile; fileRef = 7873849D62CF0509D4A2A854 /* viewport-tracker.js */; };
		4D407DAF12B845348AEA97BA /* StatisticsView.swift in Sources */ = {isa = PBXBuildFile; fileRef = 101F3204094F1CA0254A5412 /* StatisticsView.swift */; };
		507E7B462D7551CDE9E7A589 /* LMStudioProvider.swift in Sources */ = {isa = PBXBuildFile; fileRef = BC48822BEC36FC933029BE5E /* LMStudioProvider.swift */; };
		50997DC49B821E6E07BE89F1 /* Chapter.swift in Sources */ = {isa = PBXBuildFile; fileRef = 933DCD1102EBB7AC50725553 /* Chapter.swift */; };
		51C9407E87C50CF7413DFFE0 /* CategoryTagSelector.swift in Sources */ = {isa = PBXBuildFile; fileRef = F8B13697D0C92B68799C1334 /* CategoryTagSelector.swift */; };
		51E3C5E3D4ADEAA1190819D5 /* Date+Relative.swift in Sources */ = {isa = PBXBuildFile; fileRef = 378B4A32655676535AA28300 /* Date+Relative.swift */; };
		53D01DDAB80D617CB43BDFE3 /* AIPromptSettingsView.swift in Sources */ = {isa = PBXBuildFile; fileRef = BA6E9B96F1D3795618DEF9AE /* AIPromptSettingsView.swift */; };
		54A5927A76D9DF805410E819 /* TTSControlPanel.swift in Sources */ = {isa = PBXBuildFile; fileRef = C7FEB0A71B66FE710259B5C5 /* TTSControlPanel.swift */; };
		5539A9DE924DB280AB38716A /* LiquidGlass.swift in Sources */ = {isa = PBXBuildFile; fileRef = 69FA7F29D46C547DC2DBDBEB /* LiquidGlass.swift */; };
		560884C88337ED7B4F9069FB /* AIProviderManager.swift in Sources */ = {isa = PBXBuildFile; fileRef = F20FE2E788184AC4F10C8C81 /* AIProviderManager.swift */; };
		56A93EE101827F91118E9492 /* NetworkMonitor.swift in Sources */ = {isa = PBXBuildFile; fileRef = 132611021E0975CDF155944A /* NetworkMonitor.swift */; };
		58E3AB99EE2F0E7499BE34A9 /* AppleIntelligenceProvider.swift in Sources */ = {isa = PBXBuildFile; fileRef = B2E01ACD4A51D9B005DF14FF /* AppleIntelligenceProvider.swift */; };
		59E9E2609E122A6EE481F202 /* EPUBParser.swift in Sources */ = {isa = PBXBuildFile; fileRef = A30C0A0AD283C97CC7C42C5B /* EPUBParser.swift */; };
		5ADEC78846B8DF0A53A6CB9C /* ReadingTimeEstimator.swift in Sources */ = {isa = PBXBuildFile; fileRef = 6109B1D3680C30D2294C4E66 /* ReadingTimeEstimator.swift */; };
		5B6D813549A140074424A64F /* SearchState.swift in Sources */ = {isa = PBXBuildFile; fileRef = 468A81A3E599A1B8D192F53A /* SearchState.swift */; };
		5BE9E68FBADEFA1080678191 /* OnboardingView.swift in Sources */ = {isa = PBXBuildFile; fileRef = 040FF323B3AF90A36B72E996 /* OnboardingView.swift */; };
		5C6BD064520EC30A79E7889A /* CruxNotesBundle.swift in Sources */ = {isa = PBXBuildFile; fileRef = 86D855B58C44B983615F9AFE /* CruxNotesBundle.swift */; };
		5CA06D381DD9035E978CD35F /* EPUBParserTests.swift in Sources */ = {isa = PBXBuildFile; fileRef = 6213CE5BC09A26E4C0A07527 /* EPUBParserTests.swift */; };
		5E464FD057EB82E2517FD93E /* margin-notes.js in Resources */ = {isa = PBXBuildFile; fileRef = BB36689F00CD72DC8F0D76B9 /* margin-notes.js */; };
		603FE3C718275E080883D344 /* AIPromptPreset.swift in Sources */ = {isa = PBXBuildFile; fileRef = B407D6E20CA3A8E2B3874D52 /* AIPromptPreset.swift */; };
		6102467D54DDECEC0AD863E4 /* CitationFormatter.swift in Sources */ = {isa = PBXBuildFile; fileRef = C8E8A977B48817B42D5E1847 /* CitationFormatter.swift */; };
		639F41336248FDEE87A14708 /* highlighter.js in Resources */ = {isa = PBXBuildFile; fileRef = 800084B3BC72CADC105E91E1 /* highlighter.js */; };
		63F316AF22A037DDF361FD96 /* NotesView.swift in Sources */ = {isa = PBXBuildFile; fileRef = 02454DEECB7FFD295AF9A805 /* NotesView.swift */; };
		652839F40FC6390B3CBB380F /* AIProvider.swift in Sources */ = {isa = PBXBuildFile; fileRef = B462C172F0BE3810581EFD57 /* AIProvider.swift */; };
		6598E00216BB295BF08F583D /* SSEStream.swift in Sources */ = {isa = PBXBuildFile; fileRef = FAC1D4B4710324D05D18BC7E /* SSEStream.swift */; };
		69C33456DC811EDDC927E82A /* LibraryView.swift in Sources */ = {isa = PBXBuildFile; fileRef = 19FE50F25D3D54079CFB8E66 /* LibraryView.swift */; };
		6AEBFE9AA4B65D0C3647EF23 /* KeychainService.swift in Sources */ = {isa = PBXBuildFile; fileRef = 96B3B27BAA0375B6F8C3D410 /* KeychainService.swift */; };
		6D0736D08F21BF05F5529E1E /* ReadingStreaks.swift in Sources */ = {isa = PBXBuildFile; fileRef = 379FB0CD63F15C913683A31B /* ReadingStreaks.swift */; };
		6D996CDF59B4748EF2B3EB06 /* CruxNotesBundleTests.swift in Sources */ = {isa = PBXBuildFile; fileRef = F250FFE0BA9781026FEB57BA /* CruxNotesBundleTests.swift */; };
		71C6EFF3EE0986A392A79D5A /* ReadingTimeEstimator.swift in Sources */ = {isa = PBXBuildFile; fileRef = 6109B1D3680C30D2294C4E66 /* ReadingTimeEstimator.swift */; };
		722C3F263A62D4DCD8FB36CC /* KeychainService.swift in Sources */ = {isa = PBXBuildFile; fileRef = 96B3B27BAA0375B6F8C3D410 /* KeychainService.swift */; };
		72DC4EBABAF44A1096DC8F6A /* BookSearchResultsView.swift in Sources */ = {isa = PBXBuildFile; fileRef = DB1BC9025CE837860E94B84E /* BookSearchResultsView.swift */; };
		73C12632442575E293B397F9 /* AnnotationExportService.swift in Sources */ = {isa = PBXBuildFile; fileRef = E9C3A77377276416CFDF0D81 /* AnnotationExportService.swift */; };
		73D636A35AAC201C7879205F /* RetryPolicy.swift in Sources */ = {isa = PBXBuildFile; fileRef = A85167C3817DFD2512CD1054 /* RetryPolicy.swift */; };
		758B0BBD7D773E692A6E0E82 /* TableOfContentsView.swift in Sources */ = {isa = PBXBuildFile; fileRef = 1C48D72CEAE048FB9008637C /* TableOfContentsView.swift */; };
		75C24F0BF913C542645BD060 /* BookmarksView.swift in Sources */ = {isa = PBXBuildFile; fileRef = 388CDD22DC75A3DCC5DFA0C7 /* BookmarksView.swift */; };
		7783D712FBBFEC25619A594A /* SearchHistoryView.swift in Sources */ = {isa = PBXBuildFile; fileRef = 868D5F949758DFFEB92D23D9 /* SearchHistoryView.swift */; };
		7B377FC275588B1C84288979 /* CitationFormatterTests.swift in Sources */ = {isa = PBXBuildFile; fileRef = BD3C348DCCFA972CE858286D /* CitationFormatterTests.swift */; };
		7C1C2F4DFEE906D2D310DEF3 /* DateRelativeTests.swift in Sources */ = {isa = PBXBuildFile; fileRef = 8612235049049C5B23B8A24E /* DateRelativeTests.swift */; };
		7D29377EC337CC310EFEAE4C /* KeyboardShortcutsView.swift in Sources */ = {isa = PBXBuildFile; fileRef = 10BEF0EBD00B348FF3E56208 /* KeyboardShortcutsView.swift */; };
		7DFFBC751AB446FF6F2A23CD /* BookWindowScene.swift in Sources */ = {isa = PBXBuildFile; fileRef = 2E7DFE3A69487E53777EC865 /* BookWindowScene.swift */; };
		7F8B5F41F8C1EB47AD17028C /* ReadingStatistics.swift in Sources */ = {isa = PBXBuildFile; fileRef = 0C7D0A1E5BD2C8CB80366D48 /* ReadingStatistics.swift */; };
		809DA2B5D52B0943ECF72729 /* NoteTemplate.swift in Sources */ = {isa = PBXBuildFile; fileRef = CEE6900864E47C63A0C0358E /* NoteTemplate.swift */; };
		837AF3C34968216F3C246A33 /* LibraryModels.swift in Sources */ = {isa = PBXBuildFile; fileRef = 06B5874641A74F28DC5C45D6 /* LibraryModels.swift */; };
		85366F5AF56FEB8C6853E8E8 /* BookSearchResultsView.swift in Sources */ = {isa = PBXBuildFile; fileRef = DB1BC9025CE837860E94B84E /* BookSearchResultsView.swift */; };
		85773CAF5FB87F2A30F04976 /* BookGridCard.swift in Sources */ = {isa = PBXBuildFile; fileRef = A33FDFD58C53B6087D7F2F30 /* BookGridCard.swift */; };
		86BB17EEE44766BF56F76738 /* Book.swift in Sources */ = {isa = PBXBuildFile; fileRef = E0720C2C43A74EF1E54DEB0C /* Book.swift */; };
		86EC699640E053407E0FDC01 /* NetworkMonitor.swift in Sources */ = {isa = PBXBuildFile; fileRef = 132611021E0975CDF155944A /* NetworkMonitor.swift */; };
		8805D256AC6B623883D45353 /* AnnotationExportView.swift in Sources */ = {isa = PBXBuildFile; fileRef = 2494A33F8572173344C3AB93 /* AnnotationExportView.swift */; };
		899D4B537DA7523740967EB3 /* LibraryBackupService.swift in Sources */ = {isa = PBXBuildFile; fileRef = AC3EE36E9E9087EE88DD7148 /* LibraryBackupService.swift */; };
		89AEDE9570E0A8FBAD889028 /* reader.css in Resources */ = {isa = PBXBuildFile; fileRef = EC24A21BACE84169363F5313 /* reader.css */; };
		AECA7A10000000000000B001 /* Assets.xcassets in Resources */ = {isa = PBXBuildFile; fileRef = AECA7A10000000000000A551 /* Assets.xcassets */; };
		AECA7A10000000000000B002 /* Assets.xcassets in Resources */ = {isa = PBXBuildFile; fileRef = AECA7A10000000000000A551 /* Assets.xcassets */; };
		89F18E008ED4AF610BA31605 /* LiquidGlass.swift in Sources */ = {isa = PBXBuildFile; fileRef = 69FA7F29D46C547DC2DBDBEB /* LiquidGlass.swift */; };
		8B43712FF14CA117B50BA0B5 /* SearchHistory.swift in Sources */ = {isa = PBXBuildFile; fileRef = C55C978784489B8CBDCC7F48 /* SearchHistory.swift */; };
		8B4FE9209BD9CDEEF19A1220 /* CustomProvider.swift in Sources */ = {isa = PBXBuildFile; fileRef = 3309FFE628D0B5C028B7B675 /* CustomProvider.swift */; };
		8BC06E5E22EF4D02EE7C6AC8 /* ThemeManager.swift in Sources */ = {isa = PBXBuildFile; fileRef = FEEC927EAE784C4A2D9D8C59 /* ThemeManager.swift */; };
		8CBF34542874A9E3C37CAA96 /* ReadingGoals.swift in Sources */ = {isa = PBXBuildFile; fileRef = 5CF5DA233D0517FF59E1D1A7 /* ReadingGoals.swift */; };
		90FCBBCB0F77B6737F22FABA /* reader-template.html in Resources */ = {isa = PBXBuildFile; fileRef = 2E7F09EAF0FF169EE6AB5B67 /* reader-template.html */; };
		94A9499C70665FEAA83413FF /* ContentView.swift in Sources */ = {isa = PBXBuildFile; fileRef = 330C82093A09062B3137488D /* ContentView.swift */; };
		966DFB9B6A1634E04037A0DB /* TagManagementService.swift in Sources */ = {isa = PBXBuildFile; fileRef = C1C750D091AF47F3D2878CBB /* TagManagementService.swift */; };
		982BF9F54284EB428BEDCB98 /* HighlightWithBookInfo.swift in Sources */ = {isa = PBXBuildFile; fileRef = 0FAC6B964FA45FDE5C21E31F /* HighlightWithBookInfo.swift */; };
		9875C225882961491BFC73EA /* AppleIntelligenceProvider.swift in Sources */ = {isa = PBXBuildFile; fileRef = B2E01ACD4A51D9B005DF14FF /* AppleIntelligenceProvider.swift */; };
		99D5C25948B8D89F0CAC9712 /* OpenAIProvider.swift in Sources */ = {isa = PBXBuildFile; fileRef = 44535FA2CD4727FF665852EB /* OpenAIProvider.swift */; };
		9A1B8FF15C7731B616F0B0C9 /* RetryPolicy.swift in Sources */ = {isa = PBXBuildFile; fileRef = A85167C3817DFD2512CD1054 /* RetryPolicy.swift */; };
		9B3A7CAD7B6EEF42CF05E2E2 /* ProgressCalculationTests.swift in Sources */ = {isa = PBXBuildFile; fileRef = A0C1A663482A3885946281D5 /* ProgressCalculationTests.swift */; };
		9B73CA717447E922F8A2B348 /* CitationFormatter.swift in Sources */ = {isa = PBXBuildFile; fileRef = C8E8A977B48817B42D5E1847 /* CitationFormatter.swift */; };
		9C40575F06384631FDBDDFD6 /* SettingsView.swift in Sources */ = {isa = PBXBuildFile; fileRef = 5E9FDC67E40AD542C333EA8D /* SettingsView.swift */; };
		9CC0DF32A2A1432D789B911E /* OllamaProvider.swift in Sources */ = {isa = PBXBuildFile; fileRef = 65BBF4A84C04804F9334ABDC /* OllamaProvider.swift */; };
		9EBA4ABB0A6BD3D8DF1E7756 /* ReaderView.swift in Sources */ = {isa = PBXBuildFile; fileRef = AE16C85A2DD484EE05DCB645 /* ReaderView.swift */; };
		A126460316B487D773FFFBAC /* ReaderResources.swift in Sources */ = {isa = PBXBuildFile; fileRef = 7487693D9263EB2F91DF8322 /* ReaderResources.swift */; };
		A174F53BCCC34CD102A25A59 /* selection-ios.js in Resources */ = {isa = PBXBuildFile; fileRef = F4E95A7A3E0D765339F178CF /* selection-ios.js */; };
		A1763B0EEF2A39A566C3C4EB /* AIProviderConfig.swift in Sources */ = {isa = PBXBuildFile; fileRef = AEE229A21055FED4F533B217 /* AIProviderConfig.swift */; };
		A36C9F41A302392F07195A47 /* CoverImageCache.swift in Sources */ = {isa = PBXBuildFile; fileRef = F16C2B8FE2029F7269DB17A0 /* CoverImageCache.swift */; };
		A384C278378FA0BCB7E95752 /* BookWindowScene.swift in Sources */ = {isa = PBXBuildFile; fileRef = 2E7DFE3A69487E53777EC865 /* BookWindowScene.swift */; };
		A3B91CE0EAB6FDF03BC86597 /* reader-template.html in Resources */ = {isa = PBXBuildFile; fileRef = 2E7F09EAF0FF169EE6AB5B67 /* reader-template.html */; };
		A50895EC52EA816DDC1B4976 /* RetryPolicyTests.swift in Sources */ = {isa = PBXBuildFile; fileRef = B55F567DF50C6EFF597437B0 /* RetryPolicyTests.swift */; };
		A5699663F3985E72C26F4A9B /* CoverImageCache.swift in Sources */ = {isa = PBXBuildFile; fileRef = F16C2B8FE2029F7269DB17A0 /* CoverImageCache.swift */; };
		A7369AE2C3C619DDE20ED127 /* CruxApp.swift in Sources */ = {isa = PBXBuildFile; fileRef = A7957B2E496930FED00FF211 /* CruxApp.swift */; };
		A74E681DC18636F73012CAC8 /* LocalModelDiscovery.swift in Sources */ = {isa = PBXBuildFile; fileRef = E7DFE139403A24D31B277536 /* LocalModelDiscovery.swift */; };
		A8E8CDC483A3B4073F48817F /* MarkdownUI in Frameworks */ = {isa = PBXBuildFile; productRef = 56B896D5C1A0117AE51CF658 /* MarkdownUI */; };
		A943F4EC497D84577156BCC0 /* NoteTemplate.swift in Sources */ = {isa = PBXBuildFile; fileRef = CEE6900864E47C63A0C0358E /* NoteTemplate.swift */; };
		AA8889DA3B07CF58C3884CDF /* RecentBooksSection.swift in Sources */ = {isa = PBXBuildFile; fileRef = 236464A735EC6D337366F237 /* RecentBooksSection.swift */; };
		AADF5B5CB889E76C6DCF181B /* OnboardingView.swift in Sources */ = {isa = PBXBuildFile; fileRef = 040FF323B3AF90A36B72E996 /* OnboardingView.swift */; };
		ABFC37503C01172D7BE5F3D3 /* search.js in Resources */ = {isa = PBXBuildFile; fileRef = 90845A4F9829453E58A936BD /* search.js */; };
		AC56664CEB072CBE6DB57D0F /* AppLog.swift in Sources */ = {isa = PBXBuildFile; fileRef = BBC37ADDDC5E3A655E05B9D6 /* AppLog.swift */; };
		ADCD0A38D013D241654FA1AF /* CategoryTagSelector.swift in Sources */ = {isa = PBXBuildFile; fileRef = F8B13697D0C92B68799C1334 /* CategoryTagSelector.swift */; };
		AEC2B54FB127A33408CEED22 /* BookListRow.swift in Sources */ = {isa = PBXBuildFile; fileRef = DD5A11A4A84A4DCB37550C10 /* BookListRow.swift */; };
		B009FC2DF6CD4C48AB25E684 /* OpenAIProvider.swift in Sources */ = {isa = PBXBuildFile; fileRef = 44535FA2CD4727FF665852EB /* OpenAIProvider.swift */; };
		B03815E993A81C2FC8A45C75 /* ErrorHandler.swift in Sources */ = {isa = PBXBuildFile; fileRef = E91ADC6B3192DBF8B60EE306 /* ErrorHandler.swift */; };
		B19B88C490B8C33AF5E9161C /* ThemeManager.swift in Sources */ = {isa = PBXBuildFile; fileRef = FEEC927EAE784C4A2D9D8C59 /* ThemeManager.swift */; };
		B2BFD9D9DBE49BAB9439FFD8 /* cfi.js in Resources */ = {isa = PBXBuildFile; fileRef = 184EDF4AAFCFC40A86567F02 /* cfi.js */; };
		B662E8BA016D50312ADB068F /* selection-ios.js in Resources */ = {isa = PBXBuildFile; fileRef = F4E95A7A3E0D765339F178CF /* selection-ios.js */; };
		BEC827A52FCA9E82F6B01781 /* reader.css in Resources */ = {isa = PBXBuildFile; fileRef = EC24A21BACE84169363F5313 /* reader.css */; };
		C01FD3E7DFF8FEE77CAF2AD3 /* EPUBParser.swift in Sources */ = {isa = PBXBuildFile; fileRef = A30C0A0AD283C97CC7C42C5B /* EPUBParser.swift */; };
		C097FE3D7600C8AE40A5E3AD /* HTMLTextExtractorTests.swift in Sources */ = {isa = PBXBuildFile; fileRef = 439864496E040E5FB05FE6DD /* HTMLTextExtractorTests.swift */; };
		C170289D9942A4E85B787C3E /* TTSControlPanel.swift in Sources */ = {isa = PBXBuildFile; fileRef = C7FEB0A71B66FE710259B5C5 /* TTSControlPanel.swift */; };
		C20E049C006CE4A4BA99EDC3 /* HighlightsView.swift in Sources */ = {isa = PBXBuildFile; fileRef = F045E2A9F3307E70E9F8F6BB /* HighlightsView.swift */; };
		C2F2D7E3A63BFC7FFFE701D1 /* DictionaryLookup.swift in Sources */ = {isa = PBXBuildFile; fileRef = 8A61EF625C978AE35546C88D /* DictionaryLookup.swift */; };
		C32E7D4252E081B04CF80D64 /* Date+Relative.swift in Sources */ = {isa = PBXBuildFile; fileRef = 378B4A32655676535AA28300 /* Date+Relative.swift */; };
		C4C3FD091CD94A84E6C20A99 /* AIProviderManager.swift in Sources */ = {isa = PBXBuildFile; fileRef = F20FE2E788184AC4F10C8C81 /* AIProviderManager.swift */; };
		C6A2D0F0F1D51DC682F3B29E /* CollectionsView.swift in Sources */ = {isa = PBXBuildFile; fileRef = 1121B4118AC4BEE96E18F37D /* CollectionsView.swift */; };
		C8893B0C35EDB55122F702F0 /* NotesViewModel.swift in Sources */ = {isa = PBXBuildFile; fileRef = 035CE3072AFA2A50B8006AC2 /* NotesViewModel.swift */; };
		CAD09F31C9E2FBDA130E757C /* ExportService.swift in Sources */ = {isa = PBXBuildFile; fileRef = 18EEB384494065D612B0363F /* ExportService.swift */; };
		CB48426C19AB0B6310EB7DA0 /* Annotations.swift in Sources */ = {isa = PBXBuildFile; fileRef = 7E489CD45CEF897A465CC0A5 /* Annotations.swift */; };
		CE5A900A9EBE3EEC8C4CEF9C /* margin-notes.js in Resources */ = {isa = PBXBuildFile; fileRef = BB36689F00CD72DC8F0D76B9 /* margin-notes.js */; };
		CF99569A8864958D546A72A5 /* LocalProviderURL.swift in Sources */ = {isa = PBXBuildFile; fileRef = E410B5FDE1B1FCE653C85A32 /* LocalProviderURL.swift */; };
		CFDB6ED0DED2FE0AF61F41F6 /* InlineSearchBar.swift in Sources */ = {isa = PBXBuildFile; fileRef = CE2367A38B8BBA156AB7BE64 /* InlineSearchBar.swift */; };
		D245A4279570A8E4BF16A6B3 /* AIPromptPreset.swift in Sources */ = {isa = PBXBuildFile; fileRef = B407D6E20CA3A8E2B3874D52 /* AIPromptPreset.swift */; };
		D2F3BB2DBE1B9D5BC863E038 /* LocalProviderURLTests.swift in Sources */ = {isa = PBXBuildFile; fileRef = C03E5C9600065C22B30E6E70 /* LocalProviderURLTests.swift */; };
		D54D907918FB7B4B8119B3E8 /* MarkdownUI in Frameworks */ = {isa = PBXBuildFile; productRef = 2309151D61BDD0655F6DE4D1 /* MarkdownUI */; };
		D64135FB03AB3E2C26F22082 /* SettingsView.swift in Sources */ = {isa = PBXBuildFile; fileRef = 5E9FDC67E40AD542C333EA8D /* SettingsView.swift */; };
		D6EB3170115081CEE02D4A04 /* ReadingStreaks.swift in Sources */ = {isa = PBXBuildFile; fileRef = 379FB0CD63F15C913683A31B /* ReadingStreaks.swift */; };
		D772A2D90CA9C2F6A87DD922 /* BookGridCard.swift in Sources */ = {isa = PBXBuildFile; fileRef = A33FDFD58C53B6087D7F2F30 /* BookGridCard.swift */; };
		D7C1D3DDA3C470FEE3C79846 /* viewport-tracker.js in Resources */ = {isa = PBXBuildFile; fileRef = 7873849D62CF0509D4A2A854 /* viewport-tracker.js */; };
		D837FF5F4037447297F2B5ED /* ErrorHandler.swift in Sources */ = {isa = PBXBuildFile; fileRef = E91ADC6B3192DBF8B60EE306 /* ErrorHandler.swift */; };
		D870CB8C42E9F263BC25DAFB /* LibraryBackupService.swift in Sources */ = {isa = PBXBuildFile; fileRef = AC3EE36E9E9087EE88DD7148 /* LibraryBackupService.swift */; };
		D945F2C79DD58583F4FD559A /* EPUBWebViewRepresentable.swift in Sources */ = {isa = PBXBuildFile; fileRef = ED2CBCC86BCE9C71088F8CC3 /* EPUBWebViewRepresentable.swift */; };
		DA2CBB6B8BBEF6C8E38FD6E4 /* SSEStream.swift in Sources */ = {isa = PBXBuildFile; fileRef = FAC1D4B4710324D05D18BC7E /* SSEStream.swift */; };
		DE01127DF6ED658468C312EA /* LocalModelDiscovery.swift in Sources */ = {isa = PBXBuildFile; fileRef = E7DFE139403A24D31B277536 /* LocalModelDiscovery.swift */; };
		DEAA16E2961C455FC55FD0CA /* AnnotationFilterView.swift in Sources */ = {isa = PBXBuildFile; fileRef = F388EE1AEA8C957EC8585CC9 /* AnnotationFilterView.swift */; };
		E0684A1008748BDB4D91F840 /* selection-macos.js in Resources */ = {isa = PBXBuildFile; fileRef = BE3086546B0D0CCEF44CCD36 /* selection-macos.js */; };
		E1A7FA9636E87B502E838705 /* BookStorage.swift in Sources */ = {isa = PBXBuildFile; fileRef = 0534663AF190E59C3DB0568F /* BookStorage.swift */; };
		E2265A88163FB6967A2D3223 /* BookStorage.swift in Sources */ = {isa = PBXBuildFile; fileRef = 0534663AF190E59C3DB0568F /* BookStorage.swift */; };
		E579439F1563FA5A67627C5A /* ReadingGoalsView.swift in Sources */ = {isa = PBXBuildFile; fileRef = 18B8E84A6133828BDAE578C1 /* ReadingGoalsView.swift */; };
		E6685128234693E8EEDC21BE /* NotesView.swift in Sources */ = {isa = PBXBuildFile; fileRef = 02454DEECB7FFD295AF9A805 /* NotesView.swift */; };
		E72A68022005FD3CD9F1A55E /* SpotlightIndexer.swift in Sources */ = {isa = PBXBuildFile; fileRef = D37894433A42D11840B50F12 /* SpotlightIndexer.swift */; };
		E77C4A3A8417FD9570AF07BA /* AnnotationsTests.swift in Sources */ = {isa = PBXBuildFile; fileRef = B8C6EBA02C76F19D3088D535 /* AnnotationsTests.swift */; };
		E78F52D479392B2FB4B14CC8 /* selection-macos.js in Resources */ = {isa = PBXBuildFile; fileRef = BE3086546B0D0CCEF44CCD36 /* selection-macos.js */; };
		E85A3576347EAB487C78E9CD /* ContentView.swift in Sources */ = {isa = PBXBuildFile; fileRef = 330C82093A09062B3137488D /* ContentView.swift */; };
		E98B4E1E79BE81F85CB216B5 /* CustomProvider.swift in Sources */ = {isa = PBXBuildFile; fileRef = 3309FFE628D0B5C028B7B675 /* CustomProvider.swift */; };
		EA64192420A0CBF2B42EC0A3 /* KeyboardShortcutsView.swift in Sources */ = {isa = PBXBuildFile; fileRef = 10BEF0EBD00B348FF3E56208 /* KeyboardShortcutsView.swift */; };
		EB9909F80A87F2A6EEBB514A /* AppLog.swift in Sources */ = {isa = PBXBuildFile; fileRef = BBC37ADDDC5E3A655E05B9D6 /* AppLog.swift */; };
		EC3A74C0483EF6D4AD85CB1F /* HTMLTextExtractor.swift in Sources */ = {isa = PBXBuildFile; fileRef = 94449D4E96B65E770ED430EB /* HTMLTextExtractor.swift */; };
		F1300747D0CEDF89AAC98682 /* BatchImportProgressView.swift in Sources */ = {isa = PBXBuildFile; fileRef = 1AE37EA7BFCFEA97DEA8E7C5 /* BatchImportProgressView.swift */; };
		F468E87894F98585125D07B5 /* Book.swift in Sources */ = {isa = PBXBuildFile; fileRef = E0720C2C43A74EF1E54DEB0C /* Book.swift */; };
		F51A27F8C7079351F6CF7548 /* ReadingGoals.swift in Sources */ = {isa = PBXBuildFile; fileRef = 5CF5DA233D0517FF59E1D1A7 /* ReadingGoals.swift */; };
		F74EC4467A6BB3AC186A82E3 /* ThreadPanel.swift in Sources */ = {isa = PBXBuildFile; fileRef = 501099F465AFF4BA5C12D0DA /* ThreadPanel.swift */; };
		F8E7D5AB415B3B10A2E5781A /* TableOfContentsView.swift in Sources */ = {isa = PBXBuildFile; fileRef = 1C48D72CEAE048FB9008637C /* TableOfContentsView.swift */; };
		FEFC15EB8922A4C6B0DEF378 /* AIPromptPresetTests.swift in Sources */ = {isa = PBXBuildFile; fileRef = 16256CADFA29357A499FCEA9 /* AIPromptPresetTests.swift */; };
		FF70A0BB4CD24E376F117334 /* CruxApp.swift in Sources */ = {isa = PBXBuildFile; fileRef = A7957B2E496930FED00FF211 /* CruxApp.swift */; };
/* End PBXBuildFile section */

/* Begin PBXContainerItemProxy section */
		31FC0C115FD0D9761E2199C9 /* PBXContainerItemProxy */ = {
			isa = PBXContainerItemProxy;
			containerPortal = 3329DF6553B3B8789B635764 /* Project object */;
			proxyType = 1;
			remoteGlobalIDString = A96704F5A651CE736FAD3606;
			remoteInfo = Crux_macOS;
		};
		424F2408A90C58B6C65FB48F /* PBXContainerItemProxy */ = {
			isa = PBXContainerItemProxy;
			containerPortal = 3329DF6553B3B8789B635764 /* Project object */;
			proxyType = 1;
			remoteGlobalIDString = A96704F5A651CE736FAD3606;
			remoteInfo = Crux_macOS;
		};
/* End PBXContainerItemProxy section */

/* Begin PBXFileReference section */
		02454DEECB7FFD295AF9A805 /* NotesView.swift */ = {isa = PBXFileReference; lastKnownFileType = sourcecode.swift; path = NotesView.swift; sourceTree = "<group>"; };
		035CE3072AFA2A50B8006AC2 /* NotesViewModel.swift */ = {isa = PBXFileReference; lastKnownFileType = sourcecode.swift; path = NotesViewModel.swift; sourceTree = "<group>"; };
		040FF323B3AF90A36B72E996 /* OnboardingView.swift */ = {isa = PBXFileReference; lastKnownFileType = sourcecode.swift; path = OnboardingView.swift; sourceTree = "<group>"; };
		0534663AF190E59C3DB0568F /* BookStorage.swift */ = {isa = PBXFileReference; lastKnownFileType = sourcecode.swift; path = BookStorage.swift; sourceTree = "<group>"; };
		06B5874641A74F28DC5C45D6 /* LibraryModels.swift */ = {isa = PBXFileReference; lastKnownFileType = sourcecode.swift; path = LibraryModels.swift; sourceTree = "<group>"; };
		0883005A89D2CA9B28E24890 /* CruxUITests.xctest */ = {isa = PBXFileReference; explicitFileType = wrapper.cfbundle; includeInIndex = 0; path = CruxUITests.xctest; sourceTree = BUILT_PRODUCTS_DIR; };
		0C7D0A1E5BD2C8CB80366D48 /* ReadingStatistics.swift */ = {isa = PBXFileReference; lastKnownFileType = sourcecode.swift; path = ReadingStatistics.swift; sourceTree = "<group>"; };
		0FAC6B964FA45FDE5C21E31F /* HighlightWithBookInfo.swift */ = {isa = PBXFileReference; lastKnownFileType = sourcecode.swift; path = HighlightWithBookInfo.swift; sourceTree = "<group>"; };
		101F3204094F1CA0254A5412 /* StatisticsView.swift */ = {isa = PBXFileReference; lastKnownFileType = sourcecode.swift; path = StatisticsView.swift; sourceTree = "<group>"; };
		10BEF0EBD00B348FF3E56208 /* KeyboardShortcutsView.swift */ = {isa = PBXFileReference; lastKnownFileType = sourcecode.swift; path = KeyboardShortcutsView.swift; sourceTree = "<group>"; };
		1121B4118AC4BEE96E18F37D /* CollectionsView.swift */ = {isa = PBXFileReference; lastKnownFileType = sourcecode.swift; path = CollectionsView.swift; sourceTree = "<group>"; };
		132611021E0975CDF155944A /* NetworkMonitor.swift */ = {isa = PBXFileReference; lastKnownFileType = sourcecode.swift; path = NetworkMonitor.swift; sourceTree = "<group>"; };
		16256CADFA29357A499FCEA9 /* AIPromptPresetTests.swift */ = {isa = PBXFileReference; lastKnownFileType = sourcecode.swift; path = AIPromptPresetTests.swift; sourceTree = "<group>"; };
		184EDF4AAFCFC40A86567F02 /* cfi.js */ = {isa = PBXFileReference; lastKnownFileType = sourcecode.javascript; path = cfi.js; sourceTree = "<group>"; };
		18A43C1F798AF1216AC76C9D /* ClaudeProvider.swift */ = {isa = PBXFileReference; lastKnownFileType = sourcecode.swift; path = ClaudeProvider.swift; sourceTree = "<group>"; };
		18B8E84A6133828BDAE578C1 /* ReadingGoalsView.swift */ = {isa = PBXFileReference; lastKnownFileType = sourcecode.swift; path = ReadingGoalsView.swift; sourceTree = "<group>"; };
		18EEB384494065D612B0363F /* ExportService.swift */ = {isa = PBXFileReference; lastKnownFileType = sourcecode.swift; path = ExportService.swift; sourceTree = "<group>"; };
		1941335D656BD45F1E2BE8BF /* BookStorageErrorTests.swift */ = {isa = PBXFileReference; lastKnownFileType = sourcecode.swift; path = BookStorageErrorTests.swift; sourceTree = "<group>"; };
		19FE50F25D3D54079CFB8E66 /* LibraryView.swift */ = {isa = PBXFileReference; lastKnownFileType = sourcecode.swift; path = LibraryView.swift; sourceTree = "<group>"; };
		1AE37EA7BFCFEA97DEA8E7C5 /* BatchImportProgressView.swift */ = {isa = PBXFileReference; lastKnownFileType = sourcecode.swift; path = BatchImportProgressView.swift; sourceTree = "<group>"; };
		1C48D72CEAE048FB9008637C /* TableOfContentsView.swift */ = {isa = PBXFileReference; lastKnownFileType = sourcecode.swift; path = TableOfContentsView.swift; sourceTree = "<group>"; };
		236464A735EC6D337366F237 /* RecentBooksSection.swift */ = {isa = PBXFileReference; lastKnownFileType = sourcecode.swift; path = RecentBooksSection.swift; sourceTree = "<group>"; };
		2494A33F8572173344C3AB93 /* AnnotationExportView.swift */ = {isa = PBXFileReference; lastKnownFileType = sourcecode.swift; path = AnnotationExportView.swift; sourceTree = "<group>"; };
		278935FF740A6CC7D60E59F6 /* ProgressScrubber.swift */ = {isa = PBXFileReference; lastKnownFileType = sourcecode.swift; path = ProgressScrubber.swift; sourceTree = "<group>"; };
		2E7DFE3A69487E53777EC865 /* BookWindowScene.swift */ = {isa = PBXFileReference; lastKnownFileType = sourcecode.swift; path = BookWindowScene.swift; sourceTree = "<group>"; };
		2E7F09EAF0FF169EE6AB5B67 /* reader-template.html */ = {isa = PBXFileReference; lastKnownFileType = text.html; path = "reader-template.html"; sourceTree = "<group>"; };
		3309FFE628D0B5C028B7B675 /* CustomProvider.swift */ = {isa = PBXFileReference; lastKnownFileType = sourcecode.swift; path = CustomProvider.swift; sourceTree = "<group>"; };
		330C82093A09062B3137488D /* ContentView.swift */ = {isa = PBXFileReference; lastKnownFileType = sourcecode.swift; path = ContentView.swift; sourceTree = "<group>"; };
		378B4A32655676535AA28300 /* Date+Relative.swift */ = {isa = PBXFileReference; lastKnownFileType = sourcecode.swift; path = "Date+Relative.swift"; sourceTree = "<group>"; };
		379FB0CD63F15C913683A31B /* ReadingStreaks.swift */ = {isa = PBXFileReference; lastKnownFileType = sourcecode.swift; path = ReadingStreaks.swift; sourceTree = "<group>"; };
		388CDD22DC75A3DCC5DFA0C7 /* BookmarksView.swift */ = {isa = PBXFileReference; lastKnownFileType = sourcecode.swift; path = BookmarksView.swift; sourceTree = "<group>"; };
		399FBD24C2F3E43B5E3C5F7C /* .gitkeep */ = {isa = PBXFileReference; lastKnownFileType = text; path = .gitkeep; sourceTree = "<group>"; };
		404D74B8AEA1EF68C8A11FAB /* ReaderPositionUITests.swift */ = {isa = PBXFileReference; lastKnownFileType = sourcecode.swift; path = ReaderPositionUITests.swift; sourceTree = "<group>"; };
		439864496E040E5FB05FE6DD /* HTMLTextExtractorTests.swift */ = {isa = PBXFileReference; lastKnownFileType = sourcecode.swift; path = HTMLTextExtractorTests.swift; sourceTree = "<group>"; };
		44535FA2CD4727FF665852EB /* OpenAIProvider.swift */ = {isa = PBXFileReference; lastKnownFileType = sourcecode.swift; path = OpenAIProvider.swift; sourceTree = "<group>"; };
		468A81A3E599A1B8D192F53A /* SearchState.swift */ = {isa = PBXFileReference; lastKnownFileType = sourcecode.swift; path = SearchState.swift; sourceTree = "<group>"; };
		4C81788BB965DCB399E50B52 /* .gitkeep */ = {isa = PBXFileReference; lastKnownFileType = text; path = .gitkeep; sourceTree = "<group>"; };
		501099F465AFF4BA5C12D0DA /* ThreadPanel.swift */ = {isa = PBXFileReference; lastKnownFileType = sourcecode.swift; path = ThreadPanel.swift; sourceTree = "<group>"; };
		5B00C0280A9B0342C485872F /* CruxTests.xctest */ = {isa = PBXFileReference; explicitFileType = wrapper.cfbundle; includeInIndex = 0; path = CruxTests.xctest; sourceTree = BUILT_PRODUCTS_DIR; };
		5CF5DA233D0517FF59E1D1A7 /* ReadingGoals.swift */ = {isa = PBXFileReference; lastKnownFileType = sourcecode.swift; path = ReadingGoals.swift; sourceTree = "<group>"; };
		5E9FDC67E40AD542C333EA8D /* SettingsView.swift */ = {isa = PBXFileReference; lastKnownFileType = sourcecode.swift; path = SettingsView.swift; sourceTree = "<group>"; };
		6109B1D3680C30D2294C4E66 /* ReadingTimeEstimator.swift */ = {isa = PBXFileReference; lastKnownFileType = sourcecode.swift; path = ReadingTimeEstimator.swift; sourceTree = "<group>"; };
		6213CE5BC09A26E4C0A07527 /* EPUBParserTests.swift */ = {isa = PBXFileReference; lastKnownFileType = sourcecode.swift; path = EPUBParserTests.swift; sourceTree = "<group>"; };
		65BBF4A84C04804F9334ABDC /* OllamaProvider.swift */ = {isa = PBXFileReference; lastKnownFileType = sourcecode.swift; path = OllamaProvider.swift; sourceTree = "<group>"; };
		69FA7F29D46C547DC2DBDBEB /* LiquidGlass.swift */ = {isa = PBXFileReference; lastKnownFileType = sourcecode.swift; path = LiquidGlass.swift; sourceTree = "<group>"; };
		7487693D9263EB2F91DF8322 /* ReaderResources.swift */ = {isa = PBXFileReference; lastKnownFileType = sourcecode.swift; path = ReaderResources.swift; sourceTree = "<group>"; };
		7873849D62CF0509D4A2A854 /* viewport-tracker.js */ = {isa = PBXFileReference; lastKnownFileType = sourcecode.javascript; path = "viewport-tracker.js"; sourceTree = "<group>"; };
		7B159AB2A604DB5982E27C54 /* BookDetailView.swift */ = {isa = PBXFileReference; lastKnownFileType = sourcecode.swift; path = BookDetailView.swift; sourceTree = "<group>"; };
		7E489CD45CEF897A465CC0A5 /* Annotations.swift */ = {isa = PBXFileReference; lastKnownFileType = sourcecode.swift; path = Annotations.swift; sourceTree = "<group>"; };
		7F7DDA7DD167B5CE8F2E5EEB /* TextToSpeechService.swift */ = {isa = PBXFileReference; lastKnownFileType = sourcecode.swift; path = TextToSpeechService.swift; sourceTree = "<group>"; };
		800084B3BC72CADC105E91E1 /* highlighter.js */ = {isa = PBXFileReference; lastKnownFileType = sourcecode.javascript; path = highlighter.js; sourceTree = "<group>"; };
		80EA424767159B08E19A17E4 /* ViewportTrackingTests.swift */ = {isa = PBXFileReference; lastKnownFileType = sourcecode.swift; path = ViewportTrackingTests.swift; sourceTree = "<group>"; };
		8612235049049C5B23B8A24E /* DateRelativeTests.swift */ = {isa = PBXFileReference; lastKnownFileType = sourcecode.swift; path = DateRelativeTests.swift; sourceTree = "<group>"; };
		868D5F949758DFFEB92D23D9 /* SearchHistoryView.swift */ = {isa = PBXFileReference; lastKnownFileType = sourcecode.swift; path = SearchHistoryView.swift; sourceTree = "<group>"; };
		86D855B58C44B983615F9AFE /* CruxNotesBundle.swift */ = {isa = PBXFileReference; lastKnownFileType = sourcecode.swift; path = CruxNotesBundle.swift; sourceTree = "<group>"; };
		8A61EF625C978AE35546C88D /* DictionaryLookup.swift */ = {isa = PBXFileReference; lastKnownFileType = sourcecode.swift; path = DictionaryLookup.swift; sourceTree = "<group>"; };
		90845A4F9829453E58A936BD /* search.js */ = {isa = PBXFileReference; lastKnownFileType = sourcecode.javascript; path = search.js; sourceTree = "<group>"; };
		933DCD1102EBB7AC50725553 /* Chapter.swift */ = {isa = PBXFileReference; lastKnownFileType = sourcecode.swift; path = Chapter.swift; sourceTree = "<group>"; };
		94449D4E96B65E770ED430EB /* HTMLTextExtractor.swift */ = {isa = PBXFileReference; lastKnownFileType = sourcecode.swift; path = HTMLTextExtractor.swift; sourceTree = "<group>"; };
		96B3B27BAA0375B6F8C3D410 /* KeychainService.swift */ = {isa = PBXFileReference; lastKnownFileType = sourcecode.swift; path = KeychainService.swift; sourceTree = "<group>"; };
		A0C1A663482A3885946281D5 /* ProgressCalculationTests.swift */ = {isa = PBXFileReference; lastKnownFileType = sourcecode.swift; path = ProgressCalculationTests.swift; sourceTree = "<group>"; };
		A30C0A0AD283C97CC7C42C5B /* EPUBParser.swift */ = {isa = PBXFileReference; lastKnownFileType = sourcecode.swift; path = EPUBParser.swift; sourceTree = "<group>"; };
		A33FDFD58C53B6087D7F2F30 /* BookGridCard.swift */ = {isa = PBXFileReference; lastKnownFileType = sourcecode.swift; path = BookGridCard.swift; sourceTree = "<group>"; };
		A7957B2E496930FED00FF211 /* CruxApp.swift */ = {isa = PBXFileReference; lastKnownFileType = sourcecode.swift; path = CruxApp.swift; sourceTree = "<group>"; };
		A85167C3817DFD2512CD1054 /* RetryPolicy.swift */ = {isa = PBXFileReference; lastKnownFileType = sourcecode.swift; path = RetryPolicy.swift; sourceTree = "<group>"; };
		AC3EE36E9E9087EE88DD7148 /* LibraryBackupService.swift */ = {isa = PBXFileReference; lastKnownFileType = sourcecode.swift; path = LibraryBackupService.swift; sourceTree = "<group>"; };
		AE16C85A2DD484EE05DCB645 /* ReaderView.swift */ = {isa = PBXFileReference; lastKnownFileType = sourcecode.swift; path = ReaderView.swift; sourceTree = "<group>"; };
		AEE229A21055FED4F533B217 /* AIProviderConfig.swift */ = {isa = PBXFileReference; lastKnownFileType = sourcecode.swift; path = AIProviderConfig.swift; sourceTree = "<group>"; };
		B2E01ACD4A51D9B005DF14FF /* AppleIntelligenceProvider.swift */ = {isa = PBXFileReference; lastKnownFileType = sourcecode.swift; path = AppleIntelligenceProvider.swift; sourceTree = "<group>"; };
		B407D6E20CA3A8E2B3874D52 /* AIPromptPreset.swift */ = {isa = PBXFileReference; lastKnownFileType = sourcecode.swift; path = AIPromptPreset.swift; sourceTree = "<group>"; };
		B462C172F0BE3810581EFD57 /* AIProvider.swift */ = {isa = PBXFileReference; lastKnownFileType = sourcecode.swift; path = AIProvider.swift; sourceTree = "<group>"; };
		B55F567DF50C6EFF597437B0 /* RetryPolicyTests.swift */ = {isa = PBXFileReference; lastKnownFileType = sourcecode.swift; path = RetryPolicyTests.swift; sourceTree = "<group>"; };
		B8C6EBA02C76F19D3088D535 /* AnnotationsTests.swift */ = {isa = PBXFileReference; lastKnownFileType = sourcecode.swift; path = AnnotationsTests.swift; sourceTree = "<group>"; };
		BA6E9B96F1D3795618DEF9AE /* AIPromptSettingsView.swift */ = {isa = PBXFileReference; lastKnownFileType = sourcecode.swift; path = AIPromptSettingsView.swift; sourceTree = "<group>"; };
		BB36689F00CD72DC8F0D76B9 /* margin-notes.js */ = {isa = PBXFileReference; lastKnownFileType = sourcecode.javascript; path = "margin-notes.js"; sourceTree = "<group>"; };
		BBC37ADDDC5E3A655E05B9D6 /* AppLog.swift */ = {isa = PBXFileReference; lastKnownFileType = sourcecode.swift; path = AppLog.swift; sourceTree = "<group>"; };
		BC48822BEC36FC933029BE5E /* LMStudioProvider.swift */ = {isa = PBXFileReference; lastKnownFileType = sourcecode.swift; path = LMStudioProvider.swift; sourceTree = "<group>"; };
		BD3C348DCCFA972CE858286D /* CitationFormatterTests.swift */ = {isa = PBXFileReference; lastKnownFileType = sourcecode.swift; path = CitationFormatterTests.swift; sourceTree = "<group>"; };
		BE3086546B0D0CCEF44CCD36 /* selection-macos.js */ = {isa = PBXFileReference; lastKnownFileType = sourcecode.javascript; path = "selection-macos.js"; sourceTree = "<group>"; };
		BFC7221F52E7BAE796D5EE63 /* BookSearchIndexTests.swift */ = {isa = PBXFileReference; lastKnownFileType = sourcecode.swift; path = BookSearchIndexTests.swift; sourceTree = "<group>"; };
		C03E5C9600065C22B30E6E70 /* LocalProviderURLTests.swift */ = {isa = PBXFileReference; lastKnownFileType = sourcecode.swift; path = LocalProviderURLTests.swift; sourceTree = "<group>"; };
		C1C750D091AF47F3D2878CBB /* TagManagementService.swift */ = {isa = PBXFileReference; lastKnownFileType = sourcecode.swift; path = TagManagementService.swift; sourceTree = "<group>"; };
		C55C978784489B8CBDCC7F48 /* SearchHistory.swift */ = {isa = PBXFileReference; lastKnownFileType = sourcecode.swift; path = SearchHistory.swift; sourceTree = "<group>"; };
		C7FEB0A71B66FE710259B5C5 /* TTSControlPanel.swift */ = {isa = PBXFileReference; lastKnownFileType = sourcecode.swift; path = TTSControlPanel.swift; sourceTree = "<group>"; };
		C8E8A977B48817B42D5E1847 /* CitationFormatter.swift */ = {isa = PBXFileReference; lastKnownFileType = sourcecode.swift; path = CitationFormatter.swift; sourceTree = "<group>"; };
		CA493534A239F527BE87B782 /* Crux.app */ = {isa = PBXFileReference; explicitFileType = wrapper.application; includeInIndex = 0; path = Crux.app; sourceTree = BUILT_PRODUCTS_DIR; };
		CE2367A38B8BBA156AB7BE64 /* InlineSearchBar.swift */ = {isa = PBXFileReference; lastKnownFileType = sourcecode.swift; path = InlineSearchBar.swift; sourceTree = "<group>"; };
		CEE6900864E47C63A0C0358E /* NoteTemplate.swift */ = {isa = PBXFileReference; lastKnownFileType = sourcecode.swift; path = NoteTemplate.swift; sourceTree = "<group>"; };
		D37894433A42D11840B50F12 /* SpotlightIndexer.swift */ = {isa = PBXFileReference; lastKnownFileType = sourcecode.swift; path = SpotlightIndexer.swift; sourceTree = "<group>"; };
		D6DE7340ABAF8D666E9764EF /* ReadingTimeEstimatorTests.swift */ = {isa = PBXFileReference; lastKnownFileType = sourcecode.swift; path = ReadingTimeEstimatorTests.swift; sourceTree = "<group>"; };
		DB1BC9025CE837860E94B84E /* BookSearchResultsView.swift */ = {isa = PBXFileReference; lastKnownFileType = sourcecode.swift; path = BookSearchResultsView.swift; sourceTree = "<group>"; };
		DD5A11A4A84A4DCB37550C10 /* BookListRow.swift */ = {isa = PBXFileReference; lastKnownFileType = sourcecode.swift; path = BookListRow.swift; sourceTree = "<group>"; };
		DEAF86E18A7AACA14668F8F0 /* AppSettings.swift */ = {isa = PBXFileReference; lastKnownFileType = sourcecode.swift; path = AppSettings.swift; sourceTree = "<group>"; };
		E0720C2C43A74EF1E54DEB0C /* Book.swift */ = {isa = PBXFileReference; lastKnownFileType = sourcecode.swift; path = Book.swift; sourceTree = "<group>"; };
		E410B5FDE1B1FCE653C85A32 /* LocalProviderURL.swift */ = {isa = PBXFileReference; lastKnownFileType = sourcecode.swift; path = LocalProviderURL.swift; sourceTree = "<group>"; };
		E7DFE139403A24D31B277536 /* LocalModelDiscovery.swift */ = {isa = PBXFileReference; lastKnownFileType = sourcecode.swift; path = LocalModelDiscovery.swift; sourceTree = "<group>"; };
		E91ADC6B3192DBF8B60EE306 /* ErrorHandler.swift */ = {isa = PBXFileReference; lastKnownFileType = sourcecode.swift; path = ErrorHandler.swift; sourceTree = "<group>"; };
		E9C3A77377276416CFDF0D81 /* AnnotationExportService.swift */ = {isa = PBXFileReference; lastKnownFileType = sourcecode.swift; path = AnnotationExportService.swift; sourceTree = "<group>"; };
		EC24A21BACE84169363F5313 /* reader.css */ = {isa = PBXFileReference; lastKnownFileType = text.css; path = reader.css; sourceTree = "<group>"; };
		AECA7A10000000000000A551 /* Assets.xcassets */ = {isa = PBXFileReference; lastKnownFileType = folder.assetcatalog; path = Resources/Assets.xcassets; sourceTree = "<group>"; };
		ED2CBCC86BCE9C71088F8CC3 /* EPUBWebViewRepresentable.swift */ = {isa = PBXFileReference; lastKnownFileType = sourcecode.swift; path = EPUBWebViewRepresentable.swift; sourceTree = "<group>"; };
		EEAC255D5D7A619273FE4B85 /* BookSearchIndex.swift */ = {isa = PBXFileReference; lastKnownFileType = sourcecode.swift; path = BookSearchIndex.swift; sourceTree = "<group>"; };
		F045E2A9F3307E70E9F8F6BB /* HighlightsView.swift */ = {isa = PBXFileReference; lastKnownFileType = sourcecode.swift; path = HighlightsView.swift; sourceTree = "<group>"; };
		F16C2B8FE2029F7269DB17A0 /* CoverImageCache.swift */ = {isa = PBXFileReference; lastKnownFileType = sourcecode.swift; path = CoverImageCache.swift; sourceTree = "<group>"; };
		F20FE2E788184AC4F10C8C81 /* AIProviderManager.swift */ = {isa = PBXFileReference; lastKnownFileType = sourcecode.swift; path = AIProviderManager.swift; sourceTree = "<group>"; };
		F250FFE0BA9781026FEB57BA /* CruxNotesBundleTests.swift */ = {isa = PBXFileReference; lastKnownFileType = sourcecode.swift; path = CruxNotesBundleTests.swift; sourceTree = "<group>"; };
		F388EE1AEA8C957EC8585CC9 /* AnnotationFilterView.swift */ = {isa = PBXFileReference; lastKnownFileType = sourcecode.swift; path = AnnotationFilterView.swift; sourceTree = "<group>"; };
		F4E95A7A3E0D765339F178CF /* selection-ios.js */ = {isa = PBXFileReference; lastKnownFileType = sourcecode.javascript; path = "selection-ios.js"; sourceTree = "<group>"; };
		F54B5CC3D632FB5456D1652A /* ReadingSessionManager.swift */ = {isa = PBXFileReference; lastKnownFileType = sourcecode.swift; path = ReadingSessionManager.swift; sourceTree = "<group>"; };
		F8B13697D0C92B68799C1334 /* CategoryTagSelector.swift */ = {isa = PBXFileReference; lastKnownFileType = sourcecode.swift; path = CategoryTagSelector.swift; sourceTree = "<group>"; };
		F8F6E727121778BB614804EC /* Crux.app */ = {isa = PBXFileReference; explicitFileType = wrapper.application; includeInIndex = 0; path = Crux.app; sourceTree = BUILT_PRODUCTS_DIR; };
		FAC1D4B4710324D05D18BC7E /* SSEStream.swift */ = {isa = PBXFileReference; lastKnownFileType = sourcecode.swift; path = SSEStream.swift; sourceTree = "<group>"; };
		FEBFE95DF15234D5646CE240 /* StreaksView.swift */ = {isa = PBXFileReference; lastKnownFileType = sourcecode.swift; path = StreaksView.swift; sourceTree = "<group>"; };
		FEEC927EAE784C4A2D9D8C59 /* ThemeManager.swift */ = {isa = PBXFileReference; lastKnownFileType = sourcecode.swift; path = ThemeManager.swift; sourceTree = "<group>"; };
/* End PBXFileReference section */

/* Begin PBXFrameworksBuildPhase section */
		C6FCEBD4FECA01DF6933764B /* Frameworks */ = {
			isa = PBXFrameworksBuildPhase;
			buildActionMask = 2147483647;
			files = (
				D54D907918FB7B4B8119B3E8 /* MarkdownUI in Frameworks */,
			);
			runOnlyForDeploymentPostprocessing = 0;
		};
		DC30175C6DE00856EAD4A65E /* Frameworks */ = {
			isa = PBXFrameworksBuildPhase;
			buildActionMask = 2147483647;
			files = (
				A8E8CDC483A3B4073F48817F /* MarkdownUI in Frameworks */,
			);
			runOnlyForDeploymentPostprocessing = 0;
		};
/* End PBXFrameworksBuildPhase section */

/* Begin PBXGroup section */
		049655036CFE473C3ECCB059 /* Reader */ = {
			isa = PBXGroup;
			children = (
				184EDF4AAFCFC40A86567F02 /* cfi.js */,
				800084B3BC72CADC105E91E1 /* highlighter.js */,
				BB36689F00CD72DC8F0D76B9 /* margin-notes.js */,
				2E7F09EAF0FF169EE6AB5B67 /* reader-template.html */,
				EC24A21BACE84169363F5313 /* reader.css */,
				90845A4F9829453E58A936BD /* search.js */,
				F4E95A7A3E0D765339F178CF /* selection-ios.js */,
				BE3086546B0D0CCEF44CCD36 /* selection-macos.js */,
				7873849D62CF0509D4A2A854 /* viewport-tracker.js */,
			);
			name = Reader;
			path = Resources/Reader;
			sourceTree = "<group>";
		};
		087B9A488449CAD81CA60AC3 /* ViewModels */ = {
			isa = PBXGroup;
			children = (
				035CE3072AFA2A50B8006AC2 /* NotesViewModel.swift */,
			);
			path = ViewModels;
			sourceTree = "<group>";
		};
		32AC0FF16CC74355900E8886 = {
			isa = PBXGroup;
			children = (
				7E9CE822509E527A35776B64 /* iOS */,
				83315399B5FD942D2313059A /* macOS */,
				049655036CFE473C3ECCB059 /* Reader */,
				AECA7A10000000000000A551 /* Assets.xcassets */,
				80FD286E9537A0E80954DD26 /* Shared */,
				7343A495A0B295FF5B1F82D0 /* Tests */,
				433DEDA54E1D0908228C1C7D /* UITests */,
				E355C32B8DEC7D2A327629F7 /* Products */,
			);
			sourceTree = "<group>";
		};
		398E1B2C5FA9235E5AFCCBD3 /* Reader */ = {
			isa = PBXGroup;
			children = (
				F388EE1AEA8C957EC8585CC9 /* AnnotationFilterView.swift */,
				DB1BC9025CE837860E94B84E /* BookSearchResultsView.swift */,
				F8B13697D0C92B68799C1334 /* CategoryTagSelector.swift */,
				ED2CBCC86BCE9C71088F8CC3 /* EPUBWebViewRepresentable.swift */,
				CE2367A38B8BBA156AB7BE64 /* InlineSearchBar.swift */,
				278935FF740A6CC7D60E59F6 /* ProgressScrubber.swift */,
				7487693D9263EB2F91DF8322 /* ReaderResources.swift */,
				868D5F949758DFFEB92D23D9 /* SearchHistoryView.swift */,
				C7FEB0A71B66FE710259B5C5 /* TTSControlPanel.swift */,
			);
			path = Reader;
			sourceTree = "<group>";
		};
		433DEDA54E1D0908228C1C7D /* UITests */ = {
			isa = PBXGroup;
			children = (
				404D74B8AEA1EF68C8A11FAB /* ReaderPositionUITests.swift */,
			);
			path = UITests;
			sourceTree = "<group>";
		};
		5E0EA413FB80C03E939B6FE9 /* Models */ = {
			isa = PBXGroup;
			children = (
				B407D6E20CA3A8E2B3874D52 /* AIPromptPreset.swift */,
				AEE229A21055FED4F533B217 /* AIProviderConfig.swift */,
				7E489CD45CEF897A465CC0A5 /* Annotations.swift */,
				DEAF86E18A7AACA14668F8F0 /* AppSettings.swift */,
				E0720C2C43A74EF1E54DEB0C /* Book.swift */,
				933DCD1102EBB7AC50725553 /* Chapter.swift */,
				0FAC6B964FA45FDE5C21E31F /* HighlightWithBookInfo.swift */,
				06B5874641A74F28DC5C45D6 /* LibraryModels.swift */,
				CEE6900864E47C63A0C0358E /* NoteTemplate.swift */,
				5CF5DA233D0517FF59E1D1A7 /* ReadingGoals.swift */,
				0C7D0A1E5BD2C8CB80366D48 /* ReadingStatistics.swift */,
				379FB0CD63F15C913683A31B /* ReadingStreaks.swift */,
				C55C978784489B8CBDCC7F48 /* SearchHistory.swift */,
				468A81A3E599A1B8D192F53A /* SearchState.swift */,
			);
			path = Models;
			sourceTree = "<group>";
		};
		7343A495A0B295FF5B1F82D0 /* Tests */ = {
			isa = PBXGroup;
			children = (
				16256CADFA29357A499FCEA9 /* AIPromptPresetTests.swift */,
				B8C6EBA02C76F19D3088D535 /* AnnotationsTests.swift */,
				BFC7221F52E7BAE796D5EE63 /* BookSearchIndexTests.swift */,
				1941335D656BD45F1E2BE8BF /* BookStorageErrorTests.swift */,
				BD3C348DCCFA972CE858286D /* CitationFormatterTests.swift */,
				F250FFE0BA9781026FEB57BA /* CruxNotesBundleTests.swift */,
				8612235049049C5B23B8A24E /* DateRelativeTests.swift */,
				6213CE5BC09A26E4C0A07527 /* EPUBParserTests.swift */,
				439864496E040E5FB05FE6DD /* HTMLTextExtractorTests.swift */,
				C03E5C9600065C22B30E6E70 /* LocalProviderURLTests.swift */,
				A0C1A663482A3885946281D5 /* ProgressCalculationTests.swift */,
				D6DE7340ABAF8D666E9764EF /* ReadingTimeEstimatorTests.swift */,
				B55F567DF50C6EFF597437B0 /* RetryPolicyTests.swift */,
				80EA424767159B08E19A17E4 /* ViewportTrackingTests.swift */,
			);
			path = Tests;
			sourceTree = "<group>";
		};
		75718163C7E512849F148FDC /* Library */ = {
			isa = PBXGroup;
			children = (
				A33FDFD58C53B6087D7F2F30 /* BookGridCard.swift */,
				DD5A11A4A84A4DCB37550C10 /* BookListRow.swift */,
			);
			path = Library;
			sourceTree = "<group>";
		};
		7E9CE822509E527A35776B64 /* iOS */ = {
			isa = PBXGroup;
			children = (
				399FBD24C2F3E43B5E3C5F7C /* .gitkeep */,
			);
			path = iOS;
			sourceTree = "<group>";
		};
		80FD286E9537A0E80954DD26 /* Shared */ = {
			isa = PBXGroup;
			children = (
				A7957B2E496930FED00FF211 /* CruxApp.swift */,
				CC8562FFE3C029300C872EDF /* Extensions */,
				5E0EA413FB80C03E939B6FE9 /* Models */,
				F333CAF5D0078D26FD5ACA03 /* Services */,
				087B9A488449CAD81CA60AC3 /* ViewModels */,
				D82FB6FE7C6554E01A554022 /* Views */,
			);
			path = Shared;
			sourceTree = "<group>";
		};
		83315399B5FD942D2313059A /* macOS */ = {
			isa = PBXGroup;
			children = (
				4C81788BB965DCB399E50B52 /* .gitkeep */,
			);
			path = macOS;
			sourceTree = "<group>";
		};
		CC8562FFE3C029300C872EDF /* Extensions */ = {
			isa = PBXGroup;
			children = (
				378B4A32655676535AA28300 /* Date+Relative.swift */,
			);
			path = Extensions;
			sourceTree = "<group>";
		};
		D82FB6FE7C6554E01A554022 /* Views */ = {
			isa = PBXGroup;
			children = (
				BA6E9B96F1D3795618DEF9AE /* AIPromptSettingsView.swift */,
				2494A33F8572173344C3AB93 /* AnnotationExportView.swift */,
				1AE37EA7BFCFEA97DEA8E7C5 /* BatchImportProgressView.swift */,
				7B159AB2A604DB5982E27C54 /* BookDetailView.swift */,
				388CDD22DC75A3DCC5DFA0C7 /* BookmarksView.swift */,
				2E7DFE3A69487E53777EC865 /* BookWindowScene.swift */,
				1121B4118AC4BEE96E18F37D /* CollectionsView.swift */,
				330C82093A09062B3137488D /* ContentView.swift */,
				F045E2A9F3307E70E9F8F6BB /* HighlightsView.swift */,
				10BEF0EBD00B348FF3E56208 /* KeyboardShortcutsView.swift */,
				19FE50F25D3D54079CFB8E66 /* LibraryView.swift */,
				69FA7F29D46C547DC2DBDBEB /* LiquidGlass.swift */,
				02454DEECB7FFD295AF9A805 /* NotesView.swift */,
				040FF323B3AF90A36B72E996 /* OnboardingView.swift */,
				AE16C85A2DD484EE05DCB645 /* ReaderView.swift */,
				18B8E84A6133828BDAE578C1 /* ReadingGoalsView.swift */,
				236464A735EC6D337366F237 /* RecentBooksSection.swift */,
				5E9FDC67E40AD542C333EA8D /* SettingsView.swift */,
				101F3204094F1CA0254A5412 /* StatisticsView.swift */,
				FEBFE95DF15234D5646CE240 /* StreaksView.swift */,
				1C48D72CEAE048FB9008637C /* TableOfContentsView.swift */,
				501099F465AFF4BA5C12D0DA /* ThreadPanel.swift */,
				75718163C7E512849F148FDC /* Library */,
				398E1B2C5FA9235E5AFCCBD3 /* Reader */,
			);
			path = Views;
			sourceTree = "<group>";
		};
		E355C32B8DEC7D2A327629F7 /* Products */ = {
			isa = PBXGroup;
			children = (
				CA493534A239F527BE87B782 /* Crux.app */,
				F8F6E727121778BB614804EC /* Crux.app */,
				5B00C0280A9B0342C485872F /* CruxTests.xctest */,
				0883005A89D2CA9B28E24890 /* CruxUITests.xctest */,
			);
			name = Products;
			sourceTree = "<group>";
		};
		F333CAF5D0078D26FD5ACA03 /* Services */ = {
			isa = PBXGroup;
			children = (
				B462C172F0BE3810581EFD57 /* AIProvider.swift */,
				F20FE2E788184AC4F10C8C81 /* AIProviderManager.swift */,
				E9C3A77377276416CFDF0D81 /* AnnotationExportService.swift */,
				B2E01ACD4A51D9B005DF14FF /* AppleIntelligenceProvider.swift */,
				BBC37ADDDC5E3A655E05B9D6 /* AppLog.swift */,
				EEAC255D5D7A619273FE4B85 /* BookSearchIndex.swift */,
				0534663AF190E59C3DB0568F /* BookStorage.swift */,
				C8E8A977B48817B42D5E1847 /* CitationFormatter.swift */,
				18A43C1F798AF1216AC76C9D /* ClaudeProvider.swift */,
				F16C2B8FE2029F7269DB17A0 /* CoverImageCache.swift */,
				86D855B58C44B983615F9AFE /* CruxNotesBundle.swift */,
				3309FFE628D0B5C028B7B675 /* CustomProvider.swift */,
				8A61EF625C978AE35546C88D /* DictionaryLookup.swift */,
				A30C0A0AD283C97CC7C42C5B /* EPUBParser.swift */,
				E91ADC6B3192DBF8B60EE306 /* ErrorHandler.swift */,
				18EEB384494065D612B0363F /* ExportService.swift */,
				94449D4E96B65E770ED430EB /* HTMLTextExtractor.swift */,
				96B3B27BAA0375B6F8C3D410 /* KeychainService.swift */,
				AC3EE36E9E9087EE88DD7148 /* LibraryBackupService.swift */,
				BC48822BEC36FC933029BE5E /* LMStudioProvider.swift */,
				E7DFE139403A24D31B277536 /* LocalModelDiscovery.swift */,
				E410B5FDE1B1FCE653C85A32 /* LocalProviderURL.swift */,
				132611021E0975CDF155944A /* NetworkMonitor.swift */,
				65BBF4A84C04804F9334ABDC /* OllamaProvider.swift */,
				44535FA2CD4727FF665852EB /* OpenAIProvider.swift */,
				F54B5CC3D632FB5456D1652A /* ReadingSessionManager.swift */,
				6109B1D3680C30D2294C4E66 /* ReadingTimeEstimator.swift */,
				A85167C3817DFD2512CD1054 /* RetryPolicy.swift */,
				D37894433A42D11840B50F12 /* SpotlightIndexer.swift */,
				FAC1D4B4710324D05D18BC7E /* SSEStream.swift */,
				C1C750D091AF47F3D2878CBB /* TagManagementService.swift */,
				7F7DDA7DD167B5CE8F2E5EEB /* TextToSpeechService.swift */,
				FEEC927EAE784C4A2D9D8C59 /* ThemeManager.swift */,
			);
			path = Services;
			sourceTree = "<group>";
		};
/* End PBXGroup section */

/* Begin PBXNativeTarget section */
		572F17B4D54497B4E233ED4C /* CruxUITests */ = {
			isa = PBXNativeTarget;
			buildConfigurationList = 8C0AD73F59007C35A8934DAC /* Build configuration list for PBXNativeTarget "CruxUITests" */;
			buildPhases = (
				74F57DD2C0008FBBB7178FCD /* Sources */,
			);
			buildRules = (
			);
			dependencies = (
				E067460B659F128CDFDFDB6E /* PBXTargetDependency */,
			);
			name = CruxUITests;
			packageProductDependencies = (
			);
			productName = CruxUITests;
			productReference = 0883005A89D2CA9B28E24890 /* CruxUITests.xctest */;
			productType = "com.apple.product-type.bundle.ui-testing";
		};
		991C94CDD4C6B03A1A0162AA /* CruxTests */ = {
			isa = PBXNativeTarget;
			buildConfigurationList = 272F7C94F50A7C83AB73EA4A /* Build configuration list for PBXNativeTarget "CruxTests" */;
			buildPhases = (
				D2ED5510CC6730574D7F12E9 /* Sources */,
			);
			buildRules = (
			);
			dependencies = (
				BB911177AA2202FF227E5B4F /* PBXTargetDependency */,
			);
			name = CruxTests;
			packageProductDependencies = (
			);
			productName = CruxTests;
			productReference = 5B00C0280A9B0342C485872F /* CruxTests.xctest */;
			productType = "com.apple.product-type.bundle.unit-test";
		};
		A96704F5A651CE736FAD3606 /* Crux_macOS */ = {
			isa = PBXNativeTarget;
			buildConfigurationList = 1099BDDB9435696771C4DE96 /* Build configuration list for PBXNativeTarget "Crux_macOS" */;
			buildPhases = (
				F98AC3FD0218C87A937CE83A /* Sources */,
				582903FC8DA9D2DC1A2E7B48 /* Resources */,
				C6FCEBD4FECA01DF6933764B /* Frameworks */,
			);
			buildRules = (
			);
			dependencies = (
			);
			name = Crux_macOS;
			packageProductDependencies = (
				2309151D61BDD0655F6DE4D1 /* MarkdownUI */,
			);
			productName = Crux_macOS;
			productReference = F8F6E727121778BB614804EC /* Crux.app */;
			productType = "com.apple.product-type.application";
		};
		E9EC2F1EEDA3BDED94F53A68 /* Crux_iOS */ = {
			isa = PBXNativeTarget;
			buildConfigurationList = FF393B07BA5AC13C2CFC05A1 /* Build configuration list for PBXNativeTarget "Crux_iOS" */;
			buildPhases = (
				6BBC1BBAA91CA2FB3BD59839 /* Sources */,
				9FEBD1480B3C225DA728E783 /* Resources */,
				DC30175C6DE00856EAD4A65E /* Frameworks */,
			);
			buildRules = (
			);
			dependencies = (
			);
			name = Crux_iOS;
			packageProductDependencies = (
				56B896D5C1A0117AE51CF658 /* MarkdownUI */,
			);
			productName = Crux_iOS;
			productReference = CA493534A239F527BE87B782 /* Crux.app */;
			productType = "com.apple.product-type.application";
		};
/* End PBXNativeTarget section */

/* Begin PBXProject section */
		3329DF6553B3B8789B635764 /* Project object */ = {
			isa = PBXProject;
			attributes = {
				BuildIndependentTargetsInParallel = YES;
				LastUpgradeCheck = 1500;
				TargetAttributes = {
					572F17B4D54497B4E233ED4C = {
						DevelopmentTeam = "";
						TestTargetID = A96704F5A651CE736FAD3606;
					};
					991C94CDD4C6B03A1A0162AA = {
						DevelopmentTeam = "";
					};
					A96704F5A651CE736FAD3606 = {
						DevelopmentTeam = "";
					};
				};
			};
			buildConfigurationList = 0D94C4ECF807903AA66EC4CA /* Build configuration list for PBXProject "Crux" */;
			compatibilityVersion = "Xcode 14.0";
			developmentRegion = en;
			hasScannedForEncodings = 0;
			knownRegions = (
				Base,
				en,
			);
			mainGroup = 32AC0FF16CC74355900E8886;
			minimizedProjectReferenceProxies = 1;
			packageReferences = (
				AA2DE1D98901D255123FC975 /* XCRemoteSwiftPackageReference "swift-markdown-ui" */,
			);
			projectDirPath = "";
			projectRoot = "";
			targets = (
				991C94CDD4C6B03A1A0162AA /* CruxTests */,
				572F17B4D54497B4E233ED4C /* CruxUITests */,
				E9EC2F1EEDA3BDED94F53A68 /* Crux_iOS */,
				A96704F5A651CE736FAD3606 /* Crux_macOS */,
			);
		};
/* End PBXProject section */

/* Begin PBXResourcesBuildPhase section */
		582903FC8DA9D2DC1A2E7B48 /* Resources */ = {
			isa = PBXResourcesBuildPhase;
			buildActionMask = 2147483647;
			files = (
				2156C8C72B95E4BD7AB6C7F8 /* cfi.js in Resources */,
				06FF05F16694C77A3DD7C94B /* highlighter.js in Resources */,
				5E464FD057EB82E2517FD93E /* margin-notes.js in Resources */,
				A3B91CE0EAB6FDF03BC86597 /* reader-template.html in Resources */,
				BEC827A52FCA9E82F6B01781 /* reader.css in Resources */,
				AECA7A10000000000000B001 /* Assets.xcassets in Resources */,
				19AA2D21308A869BF17F2F3C /* search.js in Resources */,
				A174F53BCCC34CD102A25A59 /* selection-ios.js in Resources */,
				E0684A1008748BDB4D91F840 /* selection-macos.js in Resources */,
				D7C1D3DDA3C470FEE3C79846 /* viewport-tracker.js in Resources */,
			);
			runOnlyForDeploymentPostprocessing = 0;
		};
		9FEBD1480B3C225DA728E783 /* Resources */ = {
			isa = PBXResourcesBuildPhase;
			buildActionMask = 2147483647;
			files = (
				B2BFD9D9DBE49BAB9439FFD8 /* cfi.js in Resources */,
				639F41336248FDEE87A14708 /* highlighter.js in Resources */,
				CE5A900A9EBE3EEC8C4CEF9C /* margin-notes.js in Resources */,
				90FCBBCB0F77B6737F22FABA /* reader-template.html in Resources */,
				89AEDE9570E0A8FBAD889028 /* reader.css in Resources */,
				AECA7A10000000000000B002 /* Assets.xcassets in Resources */,
				ABFC37503C01172D7BE5F3D3 /* search.js in Resources */,
				B662E8BA016D50312ADB068F /* selection-ios.js in Resources */,
				E78F52D479392B2FB4B14CC8 /* selection-macos.js in Resources */,
				4CF19FBF5BFBBE5776705DE0 /* viewport-tracker.js in Resources */,
			);
			runOnlyForDeploymentPostprocessing = 0;
		};
/* End PBXResourcesBuildPhase section */

/* Begin PBXSourcesBuildPhase section */
		6BBC1BBAA91CA2FB3BD59839 /* Sources */ = {
			isa = PBXSourcesBuildPhase;
			buildActionMask = 2147483647;
			files = (
				D245A4279570A8E4BF16A6B3 /* AIPromptPreset.swift in Sources */,
				53D01DDAB80D617CB43BDFE3 /* AIPromptSettingsView.swift in Sources */,
				157A12F040E009301F6E99D4 /* AIProvider.swift in Sources */,
				0236AE4467803836C7714FD5 /* AIProviderConfig.swift in Sources */,
				560884C88337ED7B4F9069FB /* AIProviderManager.swift in Sources */,
				73C12632442575E293B397F9 /* AnnotationExportService.swift in Sources */,
				474C23FBB62F384AD1D83418 /* AnnotationExportView.swift in Sources */,
				40724463A7898B6FDBE00084 /* AnnotationFilterView.swift in Sources */,
				4311963A2E8BE51B05432553 /* Annotations.swift in Sources */,
				EB9909F80A87F2A6EEBB514A /* AppLog.swift in Sources */,
				22690BF4899F2C2A0E5BB579 /* AppSettings.swift in Sources */,
				58E3AB99EE2F0E7499BE34A9 /* AppleIntelligenceProvider.swift in Sources */,
				4AD2027D9447C08EF9AE34F6 /* BatchImportProgressView.swift in Sources */,
				F468E87894F98585125D07B5 /* Book.swift in Sources */,
				0AE3860DF07B29FF5AC4B797 /* BookDetailView.swift in Sources */,
				D772A2D90CA9C2F6A87DD922 /* BookGridCard.swift in Sources */,
				AEC2B54FB127A33408CEED22 /* BookListRow.swift in Sources */,
				280B61DA3D6D1B64E9CC49B2 /* BookSearchIndex.swift in Sources */,
				85366F5AF56FEB8C6853E8E8 /* BookSearchResultsView.swift in Sources */,
				E2265A88163FB6967A2D3223 /* BookStorage.swift in Sources */,
				A384C278378FA0BCB7E95752 /* BookWindowScene.swift in Sources */,
				75C24F0BF913C542645BD060 /* BookmarksView.swift in Sources */,
				51C9407E87C50CF7413DFFE0 /* CategoryTagSelector.swift in Sources */,
				03B784F7B14A9554D86DB06D /* Chapter.swift in Sources */,
				6102467D54DDECEC0AD863E4 /* CitationFormatter.swift in Sources */,
				4B152F22A009B6824C6353FC /* ClaudeProvider.swift in Sources */,
				C6A2D0F0F1D51DC682F3B29E /* CollectionsView.swift in Sources */,
				E85A3576347EAB487C78E9CD /* ContentView.swift in Sources */,
				A36C9F41A302392F07195A47 /* CoverImageCache.swift in Sources */,
				FF70A0BB4CD24E376F117334 /* CruxApp.swift in Sources */,
				3142BE0244BD7D4F75C45B40 /* CruxNotesBundle.swift in Sources */,
				8B4FE9209BD9CDEEF19A1220 /* CustomProvider.swift in Sources */,
				C32E7D4252E081B04CF80D64 /* Date+Relative.swift in Sources */,
				C2F2D7E3A63BFC7FFFE701D1 /* DictionaryLookup.swift in Sources */,
				C01FD3E7DFF8FEE77CAF2AD3 /* EPUBParser.swift in Sources */,
				D945F2C79DD58583F4FD559A /* EPUBWebViewRepresentable.swift in Sources */,
				D837FF5F4037447297F2B5ED /* ErrorHandler.swift in Sources */,
				319DD7EAD96ED39F4AD49961 /* ExportService.swift in Sources */,
				0BB7DF434AC7DEB13A4B6E3D /* HTMLTextExtractor.swift in Sources */,
				982BF9F54284EB428BEDCB98 /* HighlightWithBookInfo.swift in Sources */,
				3AB5656CEB754C503AA25238 /* HighlightsView.swift in Sources */,
				CFDB6ED0DED2FE0AF61F41F6 /* InlineSearchBar.swift in Sources */,
				7D29377EC337CC310EFEAE4C /* KeyboardShortcutsView.swift in Sources */,
				6AEBFE9AA4B65D0C3647EF23 /* KeychainService.swift in Sources */,
				507E7B462D7551CDE9E7A589 /* LMStudioProvider.swift in Sources */,
				D870CB8C42E9F263BC25DAFB /* LibraryBackupService.swift in Sources */,
				837AF3C34968216F3C246A33 /* LibraryModels.swift in Sources */,
				69C33456DC811EDDC927E82A /* LibraryView.swift in Sources */,
				89F18E008ED4AF610BA31605 /* LiquidGlass.swift in Sources */,
				DE01127DF6ED658468C312EA /* LocalModelDiscovery.swift in Sources */,
				03282B22FF6B26D5AD9ABDD4 /* LocalProviderURL.swift in Sources */,
				56A93EE101827F91118E9492 /* NetworkMonitor.swift in Sources */,
				A943F4EC497D84577156BCC0 /* NoteTemplate.swift in Sources */,
				63F316AF22A037DDF361FD96 /* NotesView.swift in Sources */,
				C8893B0C35EDB55122F702F0 /* NotesViewModel.swift in Sources */,
				9CC0DF32A2A1432D789B911E /* OllamaProvider.swift in Sources */,
				5BE9E68FBADEFA1080678191 /* OnboardingView.swift in Sources */,
				B009FC2DF6CD4C48AB25E684 /* OpenAIProvider.swift in Sources */,
				3CB4F499FD2A98D797E47604 /* ProgressScrubber.swift in Sources */,
				1302913429B7EA54271BD47F /* ReaderResources.swift in Sources */,
				9EBA4ABB0A6BD3D8DF1E7756 /* ReaderView.swift in Sources */,
				F51A27F8C7079351F6CF7548 /* ReadingGoals.swift in Sources */,
				E579439F1563FA5A67627C5A /* ReadingGoalsView.swift in Sources */,
				0E08C3347669FF878039DF90 /* ReadingSessionManager.swift in Sources */,
				7F8B5F41F8C1EB47AD17028C /* ReadingStatistics.swift in Sources */,
				6D0736D08F21BF05F5529E1E /* ReadingStreaks.swift in Sources */,
				5ADEC78846B8DF0A53A6CB9C /* ReadingTimeEstimator.swift in Sources */,
				AA8889DA3B07CF58C3884CDF /* RecentBooksSection.swift in Sources */,
				9A1B8FF15C7731B616F0B0C9 /* RetryPolicy.swift in Sources */,
				6598E00216BB295BF08F583D /* SSEStream.swift in Sources */,
				29FC305FD35F90B1E427B85C /* SearchHistory.swift in Sources */,
				7783D712FBBFEC25619A594A /* SearchHistoryView.swift in Sources */,
				5B6D813549A140074424A64F /* SearchState.swift in Sources */,
				D64135FB03AB3E2C26F22082 /* SettingsView.swift in Sources */,
				E72A68022005FD3CD9F1A55E /* SpotlightIndexer.swift in Sources */,
				44BA6489C18F4CDA7C6CFAFD /* StatisticsView.swift in Sources */,
				429627A3486B5067F22F2AAB /* StreaksView.swift in Sources */,
				C170289D9942A4E85B787C3E /* TTSControlPanel.swift in Sources */,
				758B0BBD7D773E692A6E0E82 /* TableOfContentsView.swift in Sources */,
				0569CE5E09C27E30061C3243 /* TagManagementService.swift in Sources */,
				1FE69DD4CE3E60F8F86CEB78 /* TextToSpeechService.swift in Sources */,
				B19B88C490B8C33AF5E9161C /* ThemeManager.swift in Sources */,
				19D0C8F9FC06695BFE7D90E2 /* ThreadPanel.swift in Sources */,
			);
			runOnlyForDeploymentPostprocessing = 0;
		};
		74F57DD2C0008FBBB7178FCD /* Sources */ = {
			isa = PBXSourcesBuildPhase;
			buildActionMask = 2147483647;
			files = (
				112CDE7ED0896B38A914428B /* ReaderPositionUITests.swift in Sources */,
			);
			runOnlyForDeploymentPostprocessing = 0;
		};
		D2ED5510CC6730574D7F12E9 /* Sources */ = {
			isa = PBXSourcesBuildPhase;
			buildActionMask = 2147483647;
			files = (
				FEFC15EB8922A4C6B0DEF378 /* AIPromptPresetTests.swift in Sources */,
				E77C4A3A8417FD9570AF07BA /* AnnotationsTests.swift in Sources */,
				1B86A378AC271B58DB69C57E /* BookSearchIndexTests.swift in Sources */,
				0DF0694B5036655A430C5E00 /* BookStorageErrorTests.swift in Sources */,
				7B377FC275588B1C84288979 /* CitationFormatterTests.swift in Sources */,
				6D996CDF59B4748EF2B3EB06 /* CruxNotesBundleTests.swift in Sources */,
				7C1C2F4DFEE906D2D310DEF3 /* DateRelativeTests.swift in Sources */,
				5CA06D381DD9035E978CD35F /* EPUBParserTests.swift in Sources */,
				C097FE3D7600C8AE40A5E3AD /* HTMLTextExtractorTests.swift in Sources */,
				D2F3BB2DBE1B9D5BC863E038 /* LocalProviderURLTests.swift in Sources */,
				9B3A7CAD7B6EEF42CF05E2E2 /* ProgressCalculationTests.swift in Sources */,
				3A3D4599557D3FAD1CB322B0 /* ReadingTimeEstimatorTests.swift in Sources */,
				A50895EC52EA816DDC1B4976 /* RetryPolicyTests.swift in Sources */,
				49F4BF4930B8379877C576A0 /* ViewportTrackingTests.swift in Sources */,
			);
			runOnlyForDeploymentPostprocessing = 0;
		};
		F98AC3FD0218C87A937CE83A /* Sources */ = {
			isa = PBXSourcesBuildPhase;
			buildActionMask = 2147483647;
			files = (
				603FE3C718275E080883D344 /* AIPromptPreset.swift in Sources */,
				0E8A99B2F63A62CFF792BF92 /* AIPromptSettingsView.swift in Sources */,
				652839F40FC6390B3CBB380F /* AIProvider.swift in Sources */,
				A1763B0EEF2A39A566C3C4EB /* AIProviderConfig.swift in Sources */,
				C4C3FD091CD94A84E6C20A99 /* AIProviderManager.swift in Sources */,
				0D431D0C5E3B4DA8A4867983 /* AnnotationExportService.swift in Sources */,
				8805D256AC6B623883D45353 /* AnnotationExportView.swift in Sources */,
				DEAA16E2961C455FC55FD0CA /* AnnotationFilterView.swift in Sources */,
				CB48426C19AB0B6310EB7DA0 /* Annotations.swift in Sources */,
				AC56664CEB072CBE6DB57D0F /* AppLog.swift in Sources */,
				1BFA6E8FFA4229BBA7FF33D1 /* AppSettings.swift in Sources */,
				9875C225882961491BFC73EA /* AppleIntelligenceProvider.swift in Sources */,
				F1300747D0CEDF89AAC98682 /* BatchImportProgressView.swift in Sources */,
				86BB17EEE44766BF56F76738 /* Book.swift in Sources */,
				1C49F83177717C6437F1D53F /* BookDetailView.swift in Sources */,
				85773CAF5FB87F2A30F04976 /* BookGridCard.swift in Sources */,
				43921B217BEB95CD5455418D /* BookListRow.swift in Sources */,
				203AFF4D821CD93F24109CE5 /* BookSearchIndex.swift in Sources */,
				72DC4EBABAF44A1096DC8F6A /* BookSearchResultsView.swift in Sources */,
				E1A7FA9636E87B502E838705 /* BookStorage.swift in Sources */,
				7DFFBC751AB446FF6F2A23CD /* BookWindowScene.swift in Sources */,
				4C33BB93483748ECB48ACE07 /* BookmarksView.swift in Sources */,
				ADCD0A38D013D241654FA1AF /* CategoryTagSelector.swift in Sources */,
				50997DC49B821E6E07BE89F1 /* Chapter.swift in Sources */,
				9B73CA717447E922F8A2B348 /* CitationFormatter.swift in Sources */,
				0CD9F9395BF2E370545FB973 /* ClaudeProvider.swift in Sources */,
				290E30AA53A16BCC600C3D60 /* CollectionsView.swift in Sources */,
				94A9499C70665FEAA83413FF /* ContentView.swift in Sources */,
				A5699663F3985E72C26F4A9B /* CoverImageCache.swift in Sources */,
				A7369AE2C3C619DDE20ED127 /* CruxApp.swift in Sources */,
				5C6BD064520EC30A79E7889A /* CruxNotesBundle.swift in Sources */,
				E98B4E1E79BE81F85CB216B5 /* CustomProvider.swift in Sources */,
				51E3C5E3D4ADEAA1190819D5 /* Date+Relative.swift in Sources */,
				468FB88A9ACEACFEC2A836B7 /* DictionaryLookup.swift in Sources */,
				59E9E2609E122A6EE481F202 /* EPUBParser.swift in Sources */,
				2E31250F1797705B64B851A0 /* EPUBWebViewRepresentable.swift in Sources */,
				B03815E993A81C2FC8A45C75 /* ErrorHandler.swift in Sources */,
				CAD09F31C9E2FBDA130E757C /* ExportService.swift in Sources */,
				EC3A74C0483EF6D4AD85CB1F /* HTMLTextExtractor.swift in Sources */,
				46A4453D31FE3D11710D2134 /* HighlightWithBookInfo.swift in Sources */,
				C20E049C006CE4A4BA99EDC3 /* HighlightsView.swift in Sources */,
				40DB594FCD2AE0CBB0F212AD /* InlineSearchBar.swift in Sources */,
				EA64192420A0CBF2B42EC0A3 /* KeyboardShortcutsView.swift in Sources */,
				722C3F263A62D4DCD8FB36CC /* KeychainService.swift in Sources */,
				344E83684E320D10B7447E55 /* LMStudioProvider.swift in Sources */,
				899D4B537DA7523740967EB3 /* LibraryBackupService.swift in Sources */,
				023C0BE9F17259F30C2FE963 /* LibraryModels.swift in Sources */,
				27492EF07032399D617BE0C0 /* LibraryView.swift in Sources */,
				5539A9DE924DB280AB38716A /* LiquidGlass.swift in Sources */,
				A74E681DC18636F73012CAC8 /* LocalModelDiscovery.swift in Sources */,
				CF99569A8864958D546A72A5 /* LocalProviderURL.swift in Sources */,
				86EC699640E053407E0FDC01 /* NetworkMonitor.swift in Sources */,
				809DA2B5D52B0943ECF72729 /* NoteTemplate.swift in Sources */,
				E6685128234693E8EEDC21BE /* NotesView.swift in Sources */,
				044C75B9E1B1EA421EB87A47 /* NotesViewModel.swift in Sources */,
				13F0B4D33870A0B2C068C57F /* OllamaProvider.swift in Sources */,
				AADF5B5CB889E76C6DCF181B /* OnboardingView.swift in Sources */,
				99D5C25948B8D89F0CAC9712 /* OpenAIProvider.swift in Sources */,
				40951F804B1D1DA900DDEAFE /* ProgressScrubber.swift in Sources */,
				A126460316B487D773FFFBAC /* ReaderResources.swift in Sources */,
				1D821BD0307A0C99B4152DE7 /* ReaderView.swift in Sources */,
				8CBF34542874A9E3C37CAA96 /* ReadingGoals.swift in Sources */,
				33798E28F8CB8DA5423D6E92 /* ReadingGoalsView.swift in Sources */,
				271A87FFD8F75A525B0EBEF8 /* ReadingSessionManager.swift in Sources */,
				12C7DC989D730CAF66A46A79 /* ReadingStatistics.swift in Sources */,
				D6EB3170115081CEE02D4A04 /* ReadingStreaks.swift in Sources */,
				71C6EFF3EE0986A392A79D5A /* ReadingTimeEstimator.swift in Sources */,
				01C6ED151CF7640D56A7A23E /* RecentBooksSection.swift in Sources */,
				73D636A35AAC201C7879205F /* RetryPolicy.swift in Sources */,
				DA2CBB6B8BBEF6C8E38FD6E4 /* SSEStream.swift in Sources */,
				8B43712FF14CA117B50BA0B5 /* SearchHistory.swift in Sources */,
				1FAA0679DD67F91CC0A53E10 /* SearchHistoryView.swift in Sources */,
				43D47DC140E617072211D4AB /* SearchState.swift in Sources */,
				9C40575F06384631FDBDDFD6 /* SettingsView.swift in Sources */,
				42713315076CC7469E7BA5D4 /* SpotlightIndexer.swift in Sources */,
				4D407DAF12B845348AEA97BA /* StatisticsView.swift in Sources */,
				222C3A9AF8A899976F544446 /* StreaksView.swift in Sources */,
				54A5927A76D9DF805410E819 /* TTSControlPanel.swift in Sources */,
				F8E7D5AB415B3B10A2E5781A /* TableOfContentsView.swift in Sources */,
				966DFB9B6A1634E04037A0DB /* TagManagementService.swift in Sources */,
				1C05611EDC49F0072E5BCEDF /* TextToSpeechService.swift in Sources */,
				8BC06E5E22EF4D02EE7C6AC8 /* ThemeManager.swift in Sources */,
				F74EC4467A6BB3AC186A82E3 /* ThreadPanel.swift in Sources */,
			);
			runOnlyForDeploymentPostprocessing = 0;
		};
/* End PBXSourcesBuildPhase section */

/* Begin PBXTargetDependency section */
		BB911177AA2202FF227E5B4F /* PBXTargetDependency */ = {
			isa = PBXTargetDependency;
			target = A96704F5A651CE736FAD3606 /* Crux_macOS */;
			targetProxy = 424F2408A90C58B6C65FB48F /* PBXContainerItemProxy */;
		};
		E067460B659F128CDFDFDB6E /* PBXTargetDependency */ = {
			isa = PBXTargetDependency;
			target = A96704F5A651CE736FAD3606 /* Crux_macOS */;
			targetProxy = 31FC0C115FD0D9761E2199C9 /* PBXContainerItemProxy */;
		};
/* End PBXTargetDependency section */

/* Begin XCBuildConfiguration section */
		0304ADD677509E57D2A261E5 /* Release */ = {
			isa = XCBuildConfiguration;
			buildSettings = {
				ASSETCATALOG_COMPILER_APPICON_NAME = AppIcon;
				CODE_SIGN_ALLOW_ENTITLEMENTS_MODIFICATION = YES;
				CODE_SIGN_ENTITLEMENTS = Resources/Crux.entitlements;
				CODE_SIGN_IDENTITY = "iPhone Developer";
				DEVELOPMENT_TEAM = X8AD8YC886;
				INFOPLIST_FILE = Resources/Info.plist;
				LD_RUNPATH_SEARCH_PATHS = (
					"$(inherited)",
					"@executable_path/Frameworks",
				);
				PRODUCT_BUNDLE_IDENTIFIER = com.crux.app1;
				PRODUCT_NAME = Crux;
				SDKROOT = iphoneos;
				SWIFT_ACTIVE_COMPILATION_CONDITIONS = "";
				TARGETED_DEVICE_FAMILY = "1,2";
			};
			name = Release;
		};
		0909CAFD44099D3C2392D92B /* Debug */ = {
			isa = XCBuildConfiguration;
			buildSettings = {
				ASSETCATALOG_COMPILER_APPICON_NAME = AppIcon;
				CODE_SIGN_ALLOW_ENTITLEMENTS_MODIFICATION = YES;
				CODE_SIGN_ENTITLEMENTS = Resources/Crux.entitlements;
				COMBINE_HIDPI_IMAGES = YES;
				ENABLE_APP_SANDBOX = YES;
				ENABLE_FILE_ACCESS_DOWNLOADS_FOLDER = readwrite;
				ENABLE_FILE_ACCESS_MOVIES_FOLDER = readwrite;
				ENABLE_FILE_ACCESS_MUSIC_FOLDER = readwrite;
				ENABLE_FILE_ACCESS_PICTURE_FOLDER = readwrite;
				ENABLE_INCOMING_NETWORK_CONNECTIONS = YES;
				ENABLE_OUTGOING_NETWORK_CONNECTIONS = NO;
				ENABLE_RESOURCE_ACCESS_AUDIO_INPUT = YES;
				ENABLE_RESOURCE_ACCESS_BLUETOOTH = YES;
				ENABLE_RESOURCE_ACCESS_CALENDARS = NO;
				ENABLE_RESOURCE_ACCESS_CAMERA = NO;
				ENABLE_RESOURCE_ACCESS_CONTACTS = NO;
				ENABLE_RESOURCE_ACCESS_LOCATION = NO;
				ENABLE_RESOURCE_ACCESS_PRINTING = NO;
				ENABLE_RESOURCE_ACCESS_USB = NO;
				INFOPLIST_FILE = Resources/Info.plist;
				LD_RUNPATH_SEARCH_PATHS = (
					"$(inherited)",
					"@executable_path/../Frameworks",
				);
				PRODUCT_BUNDLE_IDENTIFIER = com.crux.app;
				PRODUCT_NAME = Crux;
				SDKROOT = macosx;
				SWIFT_ACTIVE_COMPILATION_CONDITIONS = DEBUG;
			};
			name = Debug;
		};
		26BC96C7C8FC0E1533D24919 /* Release */ = {
			isa = XCBuildConfiguration;
			buildSettings = {
				ASSETCATALOG_COMPILER_APPICON_NAME = AppIcon;
				CODE_SIGN_ALLOW_ENTITLEMENTS_MODIFICATION = YES;
				CODE_SIGN_ENTITLEMENTS = Resources/Crux.entitlements;
				COMBINE_HIDPI_IMAGES = YES;
				ENABLE_APP_SANDBOX = YES;
				ENABLE_FILE_ACCESS_DOWNLOADS_FOLDER = readwrite;
				ENABLE_FILE_ACCESS_MOVIES_FOLDER = readwrite;
				ENABLE_FILE_ACCESS_MUSIC_FOLDER = readwrite;
				ENABLE_FILE_ACCESS_PICTURE_FOLDER = readwrite;
				ENABLE_INCOMING_NETWORK_CONNECTIONS = YES;
				ENABLE_OUTGOING_NETWORK_CONNECTIONS = NO;
				ENABLE_RESOURCE_ACCESS_AUDIO_INPUT = YES;
				ENABLE_RESOURCE_ACCESS_BLUETOOTH = YES;
				ENABLE_RESOURCE_ACCESS_CALENDARS = NO;
				ENABLE_RESOURCE_ACCESS_CAMERA = NO;
				ENABLE_RESOURCE_ACCESS_CONTACTS = NO;
				ENABLE_RESOURCE_ACCESS_LOCATION = NO;
				ENABLE_RESOURCE_ACCESS_PRINTING = NO;
				ENABLE_RESOURCE_ACCESS_USB = NO;
				INFOPLIST_FILE = Resources/Info.plist;
				LD_RUNPATH_SEARCH_PATHS = (
					"$(inherited)",
					"@executable_path/../Frameworks",
				);
				PRODUCT_BUNDLE_IDENTIFIER = com.crux.app;
				PRODUCT_NAME = Crux;
				SDKROOT = macosx;
				SWIFT_ACTIVE_COMPILATION_CONDITIONS = "";
			};
			name = Release;
		};
		3EAF57CC841A229C8F72535D /* Release */ = {
			isa = XCBuildConfiguration;
			buildSettings = {
				BUNDLE_LOADER = "$(TEST_HOST)";
				COMBINE_HIDPI_IMAGES = YES;
				GENERATE_INFOPLIST_FILE = YES;
				LD_RUNPATH_SEARCH_PATHS = (
					"$(inherited)",
					"@executable_path/../Frameworks",
					"@loader_path/../Frameworks",
				);
				PRODUCT_BUNDLE_IDENTIFIER = com.crux.tests;
				SDKROOT = macosx;
				TEST_HOST = "$(BUILT_PRODUCTS_DIR)/Crux.app/Contents/MacOS/Crux";
			};
			name = Release;
		};
		4248A60473A18A369F2C01FA /* Debug */ = {
			isa = XCBuildConfiguration;
			buildSettings = {
				BUNDLE_LOADER = "$(TEST_HOST)";
				COMBINE_HIDPI_IMAGES = YES;
				GENERATE_INFOPLIST_FILE = YES;
				LD_RUNPATH_SEARCH_PATHS = (
					"$(inherited)",
					"@executable_path/Frameworks",
					"@loader_path/Frameworks",
				);
				PRODUCT_BUNDLE_IDENTIFIER = com.crux.uitests;
				SDKROOT = macosx;
				TEST_TARGET_NAME = Crux_macOS;
			};
			name = Debug;
		};
		4D03BE7544147B1268CB7E3A /* Release */ = {
			isa = XCBuildConfiguration;
			buildSettings = {
				BUNDLE_LOADER = "$(TEST_HOST)";
				COMBINE_HIDPI_IMAGES = YES;
				GENERATE_INFOPLIST_FILE = YES;
				LD_RUNPATH_SEARCH_PATHS = (
					"$(inherited)",
					"@executable_path/Frameworks",
					"@loader_path/Frameworks",
				);
				PRODUCT_BUNDLE_IDENTIFIER = com.crux.uitests;
				SDKROOT = macosx;
				TEST_TARGET_NAME = Crux_macOS;
			};
			name = Release;
		};
		4D339A85008DA0AB8184C408 /* Debug */ = {
			isa = XCBuildConfiguration;
			buildSettings = {
				BUNDLE_LOADER = "$(TEST_HOST)";
				COMBINE_HIDPI_IMAGES = YES;
				GENERATE_INFOPLIST_FILE = YES;
				LD_RUNPATH_SEARCH_PATHS = (
					"$(inherited)",
					"@executable_path/../Frameworks",
					"@loader_path/../Frameworks",
				);
				PRODUCT_BUNDLE_IDENTIFIER = com.crux.tests;
				SDKROOT = macosx;
				TEST_HOST = "$(BUILT_PRODUCTS_DIR)/Crux.app/Contents/MacOS/Crux";
			};
			name = Debug;
		};
		4F51CC030D0E3438959201A6 /* Debug */ = {
			isa = XCBuildConfiguration;
			buildSettings = {
				ALWAYS_SEARCH_USER_PATHS = NO;
				CLANG_ANALYZER_NONNULL = YES;
				CLANG_ANALYZER_NUMBER_OBJECT_CONVERSION = YES_AGGRESSIVE;
				CLANG_CXX_LANGUAGE_STANDARD = "gnu++14";
				CLANG_CXX_LIBRARY = "libc++";
				CLANG_ENABLE_MODULES = YES;
				CLANG_ENABLE_OBJC_ARC = YES;
				CLANG_ENABLE_OBJC_WEAK = YES;
				CLANG_WARN_BLOCK_CAPTURE_AUTORELEASING = YES;
				CLANG_WARN_BOOL_CONVERSION = YES;
				CLANG_WARN_COMMA = YES;
				CLANG_WARN_CONSTANT_CONVERSION = YES;
				CLANG_WARN_DEPRECATED_OBJC_IMPLEMENTATIONS = YES;
				CLANG_WARN_DIRECT_OBJC_ISA_USAGE = YES_ERROR;
				CLANG_WARN_DOCUMENTATION_COMMENTS = YES;
				CLANG_WARN_EMPTY_BODY = YES;
				CLANG_WARN_ENUM_CONVERSION = YES;
				CLANG_WARN_INFINITE_RECURSION = YES;
				CLANG_WARN_INT_CONVERSION = YES;
				CLANG_WARN_NON_LITERAL_NULL_CONVERSION = YES;
				CLANG_WARN_OBJC_IMPLICIT_RETAIN_SELF = YES;
				CLANG_WARN_OBJC_LITERAL_CONVERSION = YES;
				CLANG_WARN_OBJC_ROOT_CLASS = YES_ERROR;
				CLANG_WARN_QUOTED_INCLUDE_IN_FRAMEWORK_HEADER = YES;
				CLANG_WARN_RANGE_LOOP_ANALYSIS = YES;
				CLANG_WARN_STRICT_PROTOTYPES = YES;
				CLANG_WARN_SUSPICIOUS_MOVE = YES;
				CLANG_WARN_UNGUARDED_AVAILABILITY = YES_AGGRESSIVE;
				CLANG_WARN_UNREACHABLE_CODE = YES;
				CLANG_WARN__DUPLICATE_METHOD_MATCH = YES;
				COPY_PHASE_STRIP = NO;
				DEBUG_INFORMATION_FORMAT = dwarf;
				DEVELOPMENT_TEAM = "";
				ENABLE_STRICT_OBJC_MSGSEND = YES;
				ENABLE_TESTABILITY = YES;
				GCC_C_LANGUAGE_STANDARD = gnu11;
				GCC_DYNAMIC_NO_PIC = NO;
				GCC_NO_COMMON_BLOCKS = YES;
				GCC_OPTIMIZATION_LEVEL = 0;
				GCC_PREPROCESSOR_DEFINITIONS = (
					"$(inherited)",
					"DEBUG=1",
				);
				GCC_WARN_64_TO_32_BIT_CONVERSION = YES;
				GCC_WARN_ABOUT_RETURN_TYPE = YES_ERROR;
				GCC_WARN_UNDECLARED_SELECTOR = YES;
				GCC_WARN_UNINITIALIZED_AUTOS = YES_AGGRESSIVE;
				GCC_WARN_UNUSED_FUNCTION = YES;
				GCC_WARN_UNUSED_VARIABLE = YES;
				IPHONEOS_DEPLOYMENT_TARGET = 17.0;
				MACOSX_DEPLOYMENT_TARGET = 14.0;
				MTL_ENABLE_DEBUG_INFO = INCLUDE_SOURCE;
				MTL_FAST_MATH = YES;
				ONLY_ACTIVE_ARCH = YES;
				PRODUCT_NAME = "$(TARGET_NAME)";
				SWIFT_ACTIVE_COMPILATION_CONDITIONS = DEBUG;
				SWIFT_OPTIMIZATION_LEVEL = "-Onone";
				SWIFT_VERSION = 5.9;
			};
			name = Debug;
		};
		6D1529684D955A0AB26DB8D0 /* Debug */ = {
			isa = XCBuildConfiguration;
			buildSettings = {
				ASSETCATALOG_COMPILER_APPICON_NAME = AppIcon;
				CODE_SIGN_ALLOW_ENTITLEMENTS_MODIFICATION = YES;
				CODE_SIGN_ENTITLEMENTS = Resources/Crux.entitlements;
				CODE_SIGN_IDENTITY = "iPhone Developer";
				DEVELOPMENT_TEAM = X8AD8YC886;
				INFOPLIST_FILE = Resources/Info.plist;
				LD_RUNPATH_SEARCH_PATHS = (
					"$(inherited)",
					"@executable_path/Frameworks",
				);
				PRODUCT_BUNDLE_IDENTIFIER = com.crux.app1;
				PRODUCT_NAME = Crux;
				SDKROOT = iphoneos;
				SWIFT_ACTIVE_COMPILATION_CONDITIONS = DEBUG;
				TARGETED_DEVICE_FAMILY = "1,2";
			};
			name = Debug;
		};
		EE67B9A357BFB0C43991CFCC /* Release */ = {
			isa = XCBuildConfiguration;
			buildSettings = {
				ALWAYS_SEARCH_USER_PATHS = NO;
				CLANG_ANALYZER_NONNULL = YES;
				CLANG_ANALYZER_NUMBER_OBJECT_CONVERSION = YES_AGGRESSIVE;
				CLANG_CXX_LANGUAGE_STANDARD = "gnu++14";
				CLANG_CXX_LIBRARY = "libc++";
				CLANG_ENABLE_MODULES = YES;
				CLANG_ENABLE_OBJC_ARC = YES;
				CLANG_ENABLE_OBJC_WEAK = YES;
				CLANG_WARN_BLOCK_CAPTURE_AUTORELEASING = YES;
				CLANG_WARN_BOOL_CONVERSION = YES;
				CLANG_WARN_COMMA = YES;
				CLANG_WARN_CONSTANT_CONVERSION = YES;
				CLANG_WARN_DEPRECATED_OBJC_IMPLEMENTATIONS = YES;
				CLANG_WARN_DIRECT_OBJC_ISA_USAGE = YES_ERROR;
				CLANG_WARN_DOCUMENTATION_COMMENTS = YES;
				CLANG_WARN_EMPTY_BODY = YES;
				CLANG_WARN_ENUM_CONVERSION = YES;
				CLANG_WARN_INFINITE_RECURSION = YES;
				CLANG_WARN_INT_CONVERSION = YES;
				CLANG_WARN_NON_LITERAL_NULL_CONVERSION = YES;
				CLANG_WARN_OBJC_IMPLICIT_RETAIN_SELF = YES;
				CLANG_WARN_OBJC_LITERAL_CONVERSION = YES;
				CLANG_WARN_OBJC_ROOT_CLASS = YES_ERROR;
				CLANG_WARN_QUOTED_INCLUDE_IN_FRAMEWORK_HEADER = YES;
				CLANG_WARN_RANGE_LOOP_ANALYSIS = YES;
				CLANG_WARN_STRICT_PROTOTYPES = YES;
				CLANG_WARN_SUSPICIOUS_MOVE = YES;
				CLANG_WARN_UNGUARDED_AVAILABILITY = YES_AGGRESSIVE;
				CLANG_WARN_UNREACHABLE_CODE = YES;
				CLANG_WARN__DUPLICATE_METHOD_MATCH = YES;
				COPY_PHASE_STRIP = NO;
				DEBUG_INFORMATION_FORMAT = "dwarf-with-dsym";
				DEVELOPMENT_TEAM = "";
				ENABLE_NS_ASSERTIONS = NO;
				ENABLE_STRICT_OBJC_MSGSEND = YES;
				GCC_C_LANGUAGE_STANDARD = gnu11;
				GCC_NO_COMMON_BLOCKS = YES;
				GCC_WARN_64_TO_32_BIT_CONVERSION = YES;
				GCC_WARN_ABOUT_RETURN_TYPE = YES_ERROR;
				GCC_WARN_UNDECLARED_SELECTOR = YES;
				GCC_WARN_UNINITIALIZED_AUTOS = YES_AGGRESSIVE;
				GCC_WARN_UNUSED_FUNCTION = YES;
				GCC_WARN_UNUSED_VARIABLE = YES;
				IPHONEOS_DEPLOYMENT_TARGET = 17.0;
				MACOSX_DEPLOYMENT_TARGET = 14.0;
				MTL_ENABLE_DEBUG_INFO = NO;
				MTL_FAST_MATH = YES;
				PRODUCT_NAME = "$(TARGET_NAME)";
				SWIFT_COMPILATION_MODE = wholemodule;
				SWIFT_OPTIMIZATION_LEVEL = "-O";
				SWIFT_VERSION = 5.9;
			};
			name = Release;
		};
/* End XCBuildConfiguration section */

/* Begin XCConfigurationList section */
		0D94C4ECF807903AA66EC4CA /* Build configuration list for PBXProject "Crux" */ = {
			isa = XCConfigurationList;
			buildConfigurations = (
				4F51CC030D0E3438959201A6 /* Debug */,
				EE67B9A357BFB0C43991CFCC /* Release */,
			);
			defaultConfigurationIsVisible = 0;
			defaultConfigurationName = Debug;
		};
		1099BDDB9435696771C4DE96 /* Build configuration list for PBXNativeTarget "Crux_macOS" */ = {
			isa = XCConfigurationList;
			buildConfigurations = (
				0909CAFD44099D3C2392D92B /* Debug */,
				26BC96C7C8FC0E1533D24919 /* Release */,
			);
			defaultConfigurationIsVisible = 0;
			defaultConfigurationName = Debug;
		};
		272F7C94F50A7C83AB73EA4A /* Build configuration list for PBXNativeTarget "CruxTests" */ = {
			isa = XCConfigurationList;
			buildConfigurations = (
				4D339A85008DA0AB8184C408 /* Debug */,
				3EAF57CC841A229C8F72535D /* Release */,
			);
			defaultConfigurationIsVisible = 0;
			defaultConfigurationName = Debug;
		};
		8C0AD73F59007C35A8934DAC /* Build configuration list for PBXNativeTarget "CruxUITests" */ = {
			isa = XCConfigurationList;
			buildConfigurations = (
				4248A60473A18A369F2C01FA /* Debug */,
				4D03BE7544147B1268CB7E3A /* Release */,
			);
			defaultConfigurationIsVisible = 0;
			defaultConfigurationName = Debug;
		};
		FF393B07BA5AC13C2CFC05A1 /* Build configuration list for PBXNativeTarget "Crux_iOS" */ = {
			isa = XCConfigurationList;
			buildConfigurations = (
				6D1529684D955A0AB26DB8D0 /* Debug */,
				0304ADD677509E57D2A261E5 /* Release */,
			);
			defaultConfigurationIsVisible = 0;
			defaultConfigurationName = Debug;
		};
/* End XCConfigurationList section */

/* Begin XCRemoteSwiftPackageReference section */
		AA2DE1D98901D255123FC975 /* XCRemoteSwiftPackageReference "swift-markdown-ui" */ = {
			isa = XCRemoteSwiftPackageReference;
			repositoryURL = "https://github.com/gonzalezreal/swift-markdown-ui";
			requirement = {
				kind = upToNextMajorVersion;
				minimumVersion = 2.4.0;
			};
		};
/* End XCRemoteSwiftPackageReference section */

/* Begin XCSwiftPackageProductDependency section */
		2309151D61BDD0655F6DE4D1 /* MarkdownUI */ = {
			isa = XCSwiftPackageProductDependency;
			package = AA2DE1D98901D255123FC975 /* XCRemoteSwiftPackageReference "swift-markdown-ui" */;
			productName = MarkdownUI;
		};
		56B896D5C1A0117AE51CF658 /* MarkdownUI */ = {
			isa = XCSwiftPackageProductDependency;
			package = AA2DE1D98901D255123FC975 /* XCRemoteSwiftPackageReference "swift-markdown-ui" */;
			productName = MarkdownUI;
		};
/* End XCSwiftPackageProductDependency section */
	};
	rootObject = 3329DF6553B3B8789B635764 /* Project object */;
}
